// !$*UTF8*$!
{
	archiveVersion = 1;
	classes = {
	};
	objectVersion = 46;
	objects = {

/* Begin PBXBuildFile section */
		FA35946E193E64120050AB5C /* OGKGame.cpp in Sources */ = {isa = PBXBuildFile; fileRef = FA35946A193E64120050AB5C /* OGKGame.cpp */; };
		FA359471193E641D0050AB5C /* OGKAppDelgate.mm in Sources */ = {isa = PBXBuildFile; fileRef = FA359470193E641D0050AB5C /* OGKAppDelgate.mm */; };
		FA35A6C9195486DD0071F577 /* OGKOSXWindow.mm in Sources */ = {isa = PBXBuildFile; fileRef = FA35A6C8195486DD0071F577 /* OGKOSXWindow.mm */; };
		FA7769AA193E4B02005F4810 /* Carbon.framework in Frameworks */ = {isa = PBXBuildFile; fileRef = FA7769A9193E4B02005F4810 /* Carbon.framework */; };
		FA7769AC193E4B02005F4810 /* Cocoa.framework in Frameworks */ = {isa = PBXBuildFile; fileRef = FA7769AB193E4B02005F4810 /* Cocoa.framework */; };
		FA7769AE193E4B02005F4810 /* IOKit.framework in Frameworks */ = {isa = PBXBuildFile; fileRef = FA7769AD193E4B02005F4810 /* IOKit.framework */; };
		FA7769B0193E4B02005F4810 /* OpenGL.framework in Frameworks */ = {isa = PBXBuildFile; fileRef = FA7769AF193E4B02005F4810 /* OpenGL.framework */; };
		FA7769B2193E4B02005F4810 /* QuartzCore.framework in Frameworks */ = {isa = PBXBuildFile; fileRef = FA7769B1193E4B02005F4810 /* QuartzCore.framework */; };
		FA7769B9193E4B02005F4810 /* InfoPlist.strings in Resources */ = {isa = PBXBuildFile; fileRef = FA7769B7193E4B02005F4810 /* InfoPlist.strings */; };
		FA7769BB193E4B02005F4810 /* main.mm in Sources */ = {isa = PBXBuildFile; fileRef = FA7769BA193E4B02005F4810 /* main.mm */; };
		FA7769D6193E4B02005F4810 /* ogre.cfg in Resources */ = {isa = PBXBuildFile; fileRef = FA7769D5193E4B02005F4810 /* ogre.cfg */; };
		FA7769D8193E4B02005F4810 /* plugins.cfg in Resources */ = {isa = PBXBuildFile; fileRef = FA7769D7193E4B02005F4810 /* plugins.cfg */; };
		FA7769DA193E4B02005F4810 /* resources.cfg in Resources */ = {isa = PBXBuildFile; fileRef = FA7769D9193E4B02005F4810 /* resources.cfg */; };
		FAB8BF1A19531C8000DA2B26 /* OGKCamera.cpp in Sources */ = {isa = PBXBuildFile; fileRef = FAB8BF1819531C8000DA2B26 /* OGKCamera.cpp */; };
		FAB8BF26195327BE00DA2B26 /* OGKInputManager.cpp in Sources */ = {isa = PBXBuildFile; fileRef = FAB8BF24195327BE00DA2B26 /* OGKInputManager.cpp */; };
		FAB8BF2F1953C71800DA2B26 /* OGKPlayer.cpp in Sources */ = {isa = PBXBuildFile; fileRef = FAB8BF2D1953C71800DA2B26 /* OGKPlayer.cpp */; };
		FACF19E51940DD7D00F099AA /* OGKTerrain.cpp in Sources */ = {isa = PBXBuildFile; fileRef = FACF19E31940DD7D00F099AA /* OGKTerrain.cpp */; };
		FACF1A191942499900F099AA /* CDAudioManager.m in Sources */ = {isa = PBXBuildFile; fileRef = FACF1A111942499900F099AA /* CDAudioManager.m */; };
		FACF1A1A1942499900F099AA /* CDOpenALSupport.m in Sources */ = {isa = PBXBuildFile; fileRef = FACF1A141942499900F099AA /* CDOpenALSupport.m */; };
		FACF1A1B1942499900F099AA /* CocosDenshion.m in Sources */ = {isa = PBXBuildFile; fileRef = FACF1A161942499900F099AA /* CocosDenshion.m */; };
		FACF1A1C1942499900F099AA /* SimpleAudioEngine.m in Sources */ = {isa = PBXBuildFile; fileRef = FACF1A181942499900F099AA /* SimpleAudioEngine.m */; };
		FACF1A1F194249AC00F099AA /* OGKAudioOSX.mm in Sources */ = {isa = PBXBuildFile; fileRef = FACF1A1E194249AC00F099AA /* OGKAudioOSX.mm */; };
		FACF1A21194249F300F099AA /* AVFoundation.framework in Frameworks */ = {isa = PBXBuildFile; fileRef = FACF1A20194249F300F099AA /* AVFoundation.framework */; };
		FACF1A23194249FA00F099AA /* OpenAL.framework in Frameworks */ = {isa = PBXBuildFile; fileRef = FACF1A22194249FA00F099AA /* OpenAL.framework */; };
		FACF1A2619424ADF00F099AA /* CDXMacOSXSupport.mm in Sources */ = {isa = PBXBuildFile; fileRef = FACF1A2519424ADF00F099AA /* CDXMacOSXSupport.mm */; };
		FACF1A2B19425CBE00F099AA /* AudioToolbox.framework in Frameworks */ = {isa = PBXBuildFile; fileRef = FACF1A2A19425CBE00F099AA /* AudioToolbox.framework */; };
		FACF1A2E19425DEF00F099AA /* OGKTerrainMaterial.cpp in Sources */ = {isa = PBXBuildFile; fileRef = FACF1A2C19425DEF00F099AA /* OGKTerrainMaterial.cpp */; };
/* End PBXBuildFile section */

/* Begin PBXFileReference section */
		FA35946A193E64120050AB5C /* OGKGame.cpp */ = {isa = PBXFileReference; fileEncoding = 4; lastKnownFileType = sourcecode.cpp.cpp; name = OGKGame.cpp; path = ../../common/OGKGame.cpp; sourceTree = "<group>"; };
		FA35946B193E64120050AB5C /* OGKGame.h */ = {isa = PBXFileReference; fileEncoding = 4; lastKnownFileType = sourcecode.c.h; name = OGKGame.h; path = ../../common/OGKGame.h; sourceTree = "<group>"; };
		FA35946C193E64120050AB5C /* OGKShaderGeneratorListener.h */ = {isa = PBXFileReference; fileEncoding = 4; lastKnownFileType = sourcecode.c.h; name = OGKShaderGeneratorListener.h; path = ../../common/OGKShaderGeneratorListener.h; sourceTree = "<group>"; };
		FA35946D193E64120050AB5C /* OGKStaticPluginLoader.h */ = {isa = PBXFileReference; fileEncoding = 4; lastKnownFileType = sourcecode.c.h; name = OGKStaticPluginLoader.h; path = ../../common/OGKStaticPluginLoader.h; sourceTree = "<group>"; };
		FA35946F193E641D0050AB5C /* OGKAppDelgate.h */ = {isa = PBXFileReference; fileEncoding = 4; lastKnownFileType = sourcecode.c.h; path = OGKAppDelgate.h; sourceTree = "<group>"; };
		FA359470193E641D0050AB5C /* OGKAppDelgate.mm */ = {isa = PBXFileReference; fileEncoding = 4; lastKnownFileType = sourcecode.cpp.objcpp; path = OGKAppDelgate.mm; sourceTree = "<group>"; };
		FA35A6C7195486DD0071F577 /* OGKOSXWindow.h */ = {isa = PBXFileReference; fileEncoding = 4; lastKnownFileType = sourcecode.c.h; path = OGKOSXWindow.h; sourceTree = "<group>"; };
		FA35A6C8195486DD0071F577 /* OGKOSXWindow.mm */ = {isa = PBXFileReference; fileEncoding = 4; lastKnownFileType = sourcecode.cpp.objcpp; path = OGKOSXWindow.mm; sourceTree = "<group>"; };
		FA35A6CA195487020071F577 /* OGKOSXWindowInterface.h */ = {isa = PBXFileReference; lastKnownFileType = sourcecode.c.h; path = OGKOSXWindowInterface.h; sourceTree = "<group>"; };
		FA7769A6193E4B02005F4810 /* OgreGameKit.app */ = {isa = PBXFileReference; explicitFileType = wrapper.application; includeInIndex = 0; path = OgreGameKit.app; sourceTree = BUILT_PRODUCTS_DIR; };
		FA7769A9193E4B02005F4810 /* Carbon.framework */ = {isa = PBXFileReference; lastKnownFileType = wrapper.framework; name = Carbon.framework; path = System/Library/Frameworks/Carbon.framework; sourceTree = SDKROOT; };
		FA7769AB193E4B02005F4810 /* Cocoa.framework */ = {isa = PBXFileReference; lastKnownFileType = wrapper.framework; name = Cocoa.framework; path = System/Library/Frameworks/Cocoa.framework; sourceTree = SDKROOT; };
		FA7769AD193E4B02005F4810 /* IOKit.framework */ = {isa = PBXFileReference; lastKnownFileType = wrapper.framework; name = IOKit.framework; path = System/Library/Frameworks/IOKit.framework; sourceTree = SDKROOT; };
		FA7769AF193E4B02005F4810 /* OpenGL.framework */ = {isa = PBXFileReference; lastKnownFileType = wrapper.framework; name = OpenGL.framework; path = System/Library/Frameworks/OpenGL.framework; sourceTree = SDKROOT; };
		FA7769B1193E4B02005F4810 /* QuartzCore.framework */ = {isa = PBXFileReference; lastKnownFileType = wrapper.framework; name = QuartzCore.framework; path = System/Library/Frameworks/QuartzCore.framework; sourceTree = SDKROOT; };
		FA7769B5193E4B02005F4810 /* OgreGameKit-Prefix.pch */ = {isa = PBXFileReference; lastKnownFileType = sourcecode.c.h; path = "OgreGameKit-Prefix.pch"; sourceTree = "<group>"; };
		FA7769B6193E4B02005F4810 /* OgreGameKit-Info.plist */ = {isa = PBXFileReference; lastKnownFileType = text.plist.xml; path = "OgreGameKit-Info.plist"; sourceTree = "<group>"; };
		FA7769B8193E4B02005F4810 /* en */ = {isa = PBXFileReference; lastKnownFileType = text.plist.strings; name = en; path = en.lproj/InfoPlist.strings; sourceTree = "<group>"; };
		FA7769BA193E4B02005F4810 /* main.mm */ = {isa = PBXFileReference; lastKnownFileType = sourcecode.cpp.objcpp; path = main.mm; sourceTree = "<group>"; };
		FA7769D5193E4B02005F4810 /* ogre.cfg */ = {isa = PBXFileReference; lastKnownFileType = text; path = ogre.cfg; sourceTree = "<group>"; };
		FA7769D7193E4B02005F4810 /* plugins.cfg */ = {isa = PBXFileReference; lastKnownFileType = text; path = plugins.cfg; sourceTree = "<group>"; };
		FA7769D9193E4B02005F4810 /* resources.cfg */ = {isa = PBXFileReference; lastKnownFileType = text; path = resources.cfg; sourceTree = "<group>"; };
		FAB8BF1819531C8000DA2B26 /* OGKCamera.cpp */ = {isa = PBXFileReference; fileEncoding = 4; lastKnownFileType = sourcecode.cpp.cpp; name = OGKCamera.cpp; path = ../../common/OGKCamera.cpp; sourceTree = "<group>"; };
		FAB8BF1919531C8000DA2B26 /* OGKCamera.h */ = {isa = PBXFileReference; fileEncoding = 4; lastKnownFileType = sourcecode.c.h; name = OGKCamera.h; path = ../../common/OGKCamera.h; sourceTree = "<group>"; };
		FAB8BF24195327BE00DA2B26 /* OGKInputManager.cpp */ = {isa = PBXFileReference; fileEncoding = 4; lastKnownFileType = sourcecode.cpp.cpp; name = OGKInputManager.cpp; path = ../../common/OGKInputManager.cpp; sourceTree = "<group>"; };
		FAB8BF25195327BE00DA2B26 /* OGKInputManager.h */ = {isa = PBXFileReference; fileEncoding = 4; lastKnownFileType = sourcecode.c.h; name = OGKInputManager.h; path = ../../common/OGKInputManager.h; sourceTree = "<group>"; };
		FAB8BF2D1953C71800DA2B26 /* OGKPlayer.cpp */ = {isa = PBXFileReference; fileEncoding = 4; lastKnownFileType = sourcecode.cpp.cpp; name = OGKPlayer.cpp; path = ../../common/OGKPlayer.cpp; sourceTree = "<group>"; };
		FAB8BF2E1953C71800DA2B26 /* OGKPlayer.h */ = {isa = PBXFileReference; fileEncoding = 4; lastKnownFileType = sourcecode.c.h; name = OGKPlayer.h; path = ../../common/OGKPlayer.h; sourceTree = "<group>"; };
		FACF19E31940DD7D00F099AA /* OGKTerrain.cpp */ = {isa = PBXFileReference; fileEncoding = 4; lastKnownFileType = sourcecode.cpp.cpp; name = OGKTerrain.cpp; path = ../../common/OGKTerrain.cpp; sourceTree = "<group>"; };
		FACF19E41940DD7D00F099AA /* OGKTerrain.h */ = {isa = PBXFileReference; fileEncoding = 4; lastKnownFileType = sourcecode.c.h; name = OGKTerrain.h; path = ../../common/OGKTerrain.h; sourceTree = "<group>"; };
		FACF19E71940E8CA00F099AA /* OGKShaderGenerator.h */ = {isa = PBXFileReference; fileEncoding = 4; lastKnownFileType = sourcecode.c.h; name = OGKShaderGenerator.h; path = ../../common/OGKShaderGenerator.h; sourceTree = "<group>"; };
		FACF1A091942495900F099AA /* OGKAudio.h */ = {isa = PBXFileReference; fileEncoding = 4; lastKnownFileType = sourcecode.c.h; name = OGKAudio.h; path = ../../common/OGKAudio.h; sourceTree = "<group>"; };
		FACF1A101942499900F099AA /* CDAudioManager.h */ = {isa = PBXFileReference; fileEncoding = 4; lastKnownFileType = sourcecode.c.h; path = CDAudioManager.h; sourceTree = "<group>"; };
		FACF1A111942499900F099AA /* CDAudioManager.m */ = {isa = PBXFileReference; fileEncoding = 4; lastKnownFileType = sourcecode.c.objc; path = CDAudioManager.m; sourceTree = "<group>"; };
		FACF1A121942499900F099AA /* CDConfig.h */ = {isa = PBXFileReference; fileEncoding = 4; lastKnownFileType = sourcecode.c.h; path = CDConfig.h; sourceTree = "<group>"; };
		FACF1A131942499900F099AA /* CDOpenALSupport.h */ = {isa = PBXFileReference; fileEncoding = 4; lastKnownFileType = sourcecode.c.h; path = CDOpenALSupport.h; sourceTree = "<group>"; };
		FACF1A141942499900F099AA /* CDOpenALSupport.m */ = {isa = PBXFileReference; fileEncoding = 4; lastKnownFileType = sourcecode.c.objc; path = CDOpenALSupport.m; sourceTree = "<group>"; };
		FACF1A151942499900F099AA /* CocosDenshion.h */ = {isa = PBXFileReference; fileEncoding = 4; lastKnownFileType = sourcecode.c.h; path = CocosDenshion.h; sourceTree = "<group>"; };
		FACF1A161942499900F099AA /* CocosDenshion.m */ = {isa = PBXFileReference; fileEncoding = 4; lastKnownFileType = sourcecode.c.objc; path = CocosDenshion.m; sourceTree = "<group>"; };
		FACF1A171942499900F099AA /* SimpleAudioEngine.h */ = {isa = PBXFileReference; fileEncoding = 4; lastKnownFileType = sourcecode.c.h; path = SimpleAudioEngine.h; sourceTree = "<group>"; };
		FACF1A181942499900F099AA /* SimpleAudioEngine.m */ = {isa = PBXFileReference; fileEncoding = 4; lastKnownFileType = sourcecode.c.objc; path = SimpleAudioEngine.m; sourceTree = "<group>"; };
		FACF1A1D194249AC00F099AA /* OGKAudioOSX.h */ = {isa = PBXFileReference; fileEncoding = 4; lastKnownFileType = sourcecode.c.h; path = OGKAudioOSX.h; sourceTree = "<group>"; };
		FACF1A1E194249AC00F099AA /* OGKAudioOSX.mm */ = {isa = PBXFileReference; fileEncoding = 4; lastKnownFileType = sourcecode.cpp.objcpp; path = OGKAudioOSX.mm; sourceTree = "<group>"; };
		FACF1A20194249F300F099AA /* AVFoundation.framework */ = {isa = PBXFileReference; lastKnownFileType = wrapper.framework; name = AVFoundation.framework; path = System/Library/Frameworks/AVFoundation.framework; sourceTree = SDKROOT; };
		FACF1A22194249FA00F099AA /* OpenAL.framework */ = {isa = PBXFileReference; lastKnownFileType = wrapper.framework; name = OpenAL.framework; path = System/Library/Frameworks/OpenAL.framework; sourceTree = SDKROOT; };
		FACF1A2419424ADF00F099AA /* CDXMacOSXSupport.h */ = {isa = PBXFileReference; fileEncoding = 4; lastKnownFileType = sourcecode.c.h; path = CDXMacOSXSupport.h; sourceTree = "<group>"; };
		FACF1A2519424ADF00F099AA /* CDXMacOSXSupport.mm */ = {isa = PBXFileReference; fileEncoding = 4; lastKnownFileType = sourcecode.cpp.objcpp; path = CDXMacOSXSupport.mm; sourceTree = "<group>"; };
		FACF1A2A19425CBE00F099AA /* AudioToolbox.framework */ = {isa = PBXFileReference; lastKnownFileType = wrapper.framework; name = AudioToolbox.framework; path = System/Library/Frameworks/AudioToolbox.framework; sourceTree = SDKROOT; };
		FACF1A2C19425DEF00F099AA /* OGKTerrainMaterial.cpp */ = {isa = PBXFileReference; fileEncoding = 4; lastKnownFileType = sourcecode.cpp.cpp; name = OGKTerrainMaterial.cpp; path = ../../common/OGKTerrainMaterial.cpp; sourceTree = "<group>"; };
		FACF1A2D19425DEF00F099AA /* OGKTerrainMaterial.h */ = {isa = PBXFileReference; fileEncoding = 4; lastKnownFileType = sourcecode.c.h; name = OGKTerrainMaterial.h; path = ../../common/OGKTerrainMaterial.h; sourceTree = "<group>"; };
		FACF1A311942613100F099AA /* background.mp3 */ = {isa = PBXFileReference; lastKnownFileType = audio.mp3; path = background.mp3; sourceTree = "<group>"; };
		FACF1A321942613100F099AA /* README.md */ = {isa = PBXFileReference; lastKnownFileType = text; path = README.md; sourceTree = "<group>"; };
		FACF1A351942613100F099AA /* TerrainFP.cg */ = {isa = PBXFileReference; lastKnownFileType = text; path = TerrainFP.cg; sourceTree = "<group>"; };
		FACF1A361942613100F099AA /* TerrainShader.program */ = {isa = PBXFileReference; lastKnownFileType = text; path = TerrainShader.program; sourceTree = "<group>"; };
		FACF1A371942613100F099AA /* TerrainVP.cg */ = {isa = PBXFileReference; lastKnownFileType = text; path = TerrainVP.cg; sourceTree = "<group>"; };
		FACF1A391942613100F099AA /* Debug.material */ = {isa = PBXFileReference; lastKnownFileType = text; path = Debug.material; sourceTree = "<group>"; };
		FACF1A3A1942613100F099AA /* OgreGameKit.material */ = {isa = PBXFileReference; lastKnownFileType = text; path = OgreGameKit.material; sourceTree = "<group>"; };
		FACF1A3B1942613100F099AA /* Terrain.material */ = {isa = PBXFileReference; lastKnownFileType = text; path = Terrain.material; sourceTree = "<group>"; };
		FACF1A3D1942613100F099AA /* artifexterra3d_colourmap.png */ = {isa = PBXFileReference; lastKnownFileType = image.png; path = artifexterra3d_colourmap.png; sourceTree = "<group>"; };
		FACF1A3E1942613100F099AA /* dirt_grayrocky_diffusespecular.dds */ = {isa = PBXFileReference; lastKnownFileType = file; path = dirt_grayrocky_diffusespecular.dds; sourceTree = "<group>"; };
		FACF1A3F1942613100F099AA /* dirt_grayrocky_normalheight.dds */ = {isa = PBXFileReference; lastKnownFileType = file; path = dirt_grayrocky_normalheight.dds; sourceTree = "<group>"; };
		FACF1A401942613100F099AA /* ETcoverage.0.png */ = {isa = PBXFileReference; lastKnownFileType = image.png; path = ETcoverage.0.png; sourceTree = "<group>"; };
		FACF1A411942613100F099AA /* ETcoverage.1.png */ = {isa = PBXFileReference; lastKnownFileType = image.png; path = ETcoverage.1.png; sourceTree = "<group>"; };
		FACF1A421942613100F099AA /* ETcoverage.2.png */ = {isa = PBXFileReference; lastKnownFileType = image.png; path = ETcoverage.2.png; sourceTree = "<group>"; };
		FACF1A431942613100F099AA /* ETlightmap.png */ = {isa = PBXFileReference; lastKnownFileType = image.png; path = ETlightmap.png; sourceTree = "<group>"; };
		FACF1A441942613100F099AA /* ETterrain.png */ = {isa = PBXFileReference; lastKnownFileType = image.png; path = ETterrain.png; sourceTree = "<group>"; };
		FACF1A451942613100F099AA /* grass_green-01_diffusespecular.dds */ = {isa = PBXFileReference; lastKnownFileType = file; path = "grass_green-01_diffusespecular.dds"; sourceTree = "<group>"; };
		FACF1A461942613100F099AA /* grass_green-01_normalheight.dds */ = {isa = PBXFileReference; lastKnownFileType = file; path = "grass_green-01_normalheight.dds"; sourceTree = "<group>"; };
		FACF1A471942613100F099AA /* growth_weirdfungus-03_diffusespecular.dds */ = {isa = PBXFileReference; lastKnownFileType = file; path = "growth_weirdfungus-03_diffusespecular.dds"; sourceTree = "<group>"; };
		FACF1A481942613100F099AA /* growth_weirdfungus-03_normalheight.dds */ = {isa = PBXFileReference; lastKnownFileType = file; path = "growth_weirdfungus-03_normalheight.dds"; sourceTree = "<group>"; };
		FACF1A491942613100F099AA /* height.png */ = {isa = PBXFileReference; lastKnownFileType = image.png; path = height.png; sourceTree = "<group>"; };
		FACF1A4A1942613100F099AA /* splatting0.png */ = {isa = PBXFileReference; lastKnownFileType = image.png; path = splatting0.png; sourceTree = "<group>"; };
		FACF1A4B1942613100F099AA /* splatting1.png */ = {isa = PBXFileReference; lastKnownFileType = image.png; path = splatting1.png; sourceTree = "<group>"; };
		FACF1A4C1942613100F099AA /* splatting2.png */ = {isa = PBXFileReference; lastKnownFileType = image.png; path = splatting2.png; sourceTree = "<group>"; };
		FACF1A4D1942613100F099AA /* splatting3.png */ = {isa = PBXFileReference; lastKnownFileType = image.png; path = splatting3.png; sourceTree = "<group>"; };
		FACF1A4E1942613100F099AA /* splatting4.png */ = {isa = PBXFileReference; lastKnownFileType = image.png; path = splatting4.png; sourceTree = "<group>"; };
		FACF1A4F1942613100F099AA /* splatting5.png */ = {isa = PBXFileReference; lastKnownFileType = image.png; path = splatting5.png; sourceTree = "<group>"; };
		FACF1A501942613100F099AA /* splatting6.png */ = {isa = PBXFileReference; lastKnownFileType = image.png; path = splatting6.png; sourceTree = "<group>"; };
		FACF1A511942613100F099AA /* splatting7.png */ = {isa = PBXFileReference; lastKnownFileType = image.png; path = splatting7.png; sourceTree = "<group>"; };
		FACF1A521942613100F099AA /* splatting8.png */ = {isa = PBXFileReference; lastKnownFileType = image.png; path = splatting8.png; sourceTree = "<group>"; };
		FACF1A531942613100F099AA /* terrain.png */ = {isa = PBXFileReference; lastKnownFileType = image.png; path = terrain.png; sourceTree = "<group>"; };
		FACF1A571942613100F099AA /* ctrl_freak.ttf */ = {isa = PBXFileReference; lastKnownFileType = file; path = ctrl_freak.ttf; sourceTree = "<group>"; };
		FACF1A581942613100F099AA /* cuckoo.ttf */ = {isa = PBXFileReference; lastKnownFileType = file; path = cuckoo.ttf; sourceTree = "<group>"; };
		FACF1A591942613100F099AA /* sdk_bands.png */ = {isa = PBXFileReference; lastKnownFileType = image.png; path = sdk_bands.png; sourceTree = "<group>"; };
		FACF1A5A1942613100F099AA /* sdk_button_down.png */ = {isa = PBXFileReference; lastKnownFileType = image.png; path = sdk_button_down.png; sourceTree = "<group>"; };
		FACF1A5B1942613100F099AA /* sdk_button_over.png */ = {isa = PBXFileReference; lastKnownFileType = image.png; path = sdk_button_over.png; sourceTree = "<group>"; };
		FACF1A5C1942613100F099AA /* sdk_button_up.png */ = {isa = PBXFileReference; lastKnownFileType = image.png; path = sdk_button_up.png; sourceTree = "<group>"; };
		FACF1A5D1942613100F099AA /* sdk_cursor.png */ = {isa = PBXFileReference; lastKnownFileType = image.png; path = sdk_cursor.png; sourceTree = "<group>"; };
		FACF1A5E1942613100F099AA /* sdk_frame.png */ = {isa = PBXFileReference; lastKnownFileType = image.png; path = sdk_frame.png; sourceTree = "<group>"; };
		FACF1A5F1942613100F099AA /* sdk_handle.png */ = {isa = PBXFileReference; lastKnownFileType = image.png; path = sdk_handle.png; sourceTree = "<group>"; };
		FACF1A601942613100F099AA /* sdk_label.png */ = {isa = PBXFileReference; lastKnownFileType = image.png; path = sdk_label.png; sourceTree = "<group>"; };
		FACF1A611942613100F099AA /* sdk_logo.png */ = {isa = PBXFileReference; lastKnownFileType = image.png; path = sdk_logo.png; sourceTree = "<group>"; };
		FACF1A621942613100F099AA /* sdk_mini_text_box.png */ = {isa = PBXFileReference; lastKnownFileType = image.png; path = sdk_mini_text_box.png; sourceTree = "<group>"; };
		FACF1A631942613100F099AA /* sdk_mini_text_box_over.png */ = {isa = PBXFileReference; lastKnownFileType = image.png; path = sdk_mini_text_box_over.png; sourceTree = "<group>"; };
		FACF1A641942613100F099AA /* sdk_mini_tray.png */ = {isa = PBXFileReference; lastKnownFileType = image.png; path = sdk_mini_tray.png; sourceTree = "<group>"; };
		FACF1A651942613100F099AA /* sdk_pulse.png */ = {isa = PBXFileReference; lastKnownFileType = image.png; path = sdk_pulse.png; sourceTree = "<group>"; };
		FACF1A661942613100F099AA /* sdk_separator.png */ = {isa = PBXFileReference; lastKnownFileType = image.png; path = sdk_separator.png; sourceTree = "<group>"; };
		FACF1A671942613100F099AA /* sdk_shade.png */ = {isa = PBXFileReference; lastKnownFileType = image.png; path = sdk_shade.png; sourceTree = "<group>"; };
		FACF1A681942613100F099AA /* sdk_text_box.png */ = {isa = PBXFileReference; lastKnownFileType = image.png; path = sdk_text_box.png; sourceTree = "<group>"; };
		FACF1A691942613100F099AA /* sdk_track.png */ = {isa = PBXFileReference; lastKnownFileType = image.png; path = sdk_track.png; sourceTree = "<group>"; };
		FACF1A6A1942613100F099AA /* sdk_tray.png */ = {isa = PBXFileReference; lastKnownFileType = image.png; path = sdk_tray.png; sourceTree = "<group>"; };
		FACF1A6B1942613100F099AA /* SdkTrays.fontdef */ = {isa = PBXFileReference; lastKnownFileType = text; path = SdkTrays.fontdef; sourceTree = "<group>"; };
		FACF1A6C1942613100F099AA /* SdkTrays.material */ = {isa = PBXFileReference; lastKnownFileType = text; path = SdkTrays.material; sourceTree = "<group>"; };
		FACF1A6D1942613100F099AA /* SdkTrays.overlay */ = {isa = PBXFileReference; lastKnownFileType = text; path = SdkTrays.overlay; sourceTree = "<group>"; };
		FACF1A6E1942613100F099AA /* SdkTrays.zip */ = {isa = PBXFileReference; lastKnownFileType = archive.zip; path = SdkTrays.zip; sourceTree = "<group>"; };
		FACF1A6F1942613100F099AA /* skybox.zip */ = {isa = PBXFileReference; lastKnownFileType = archive.zip; path = skybox.zip; sourceTree = "<group>"; };
		FACF1A711942613100F099AA /* FFPLib_Common.cg */ = {isa = PBXFileReference; lastKnownFileType = text; path = FFPLib_Common.cg; sourceTree = "<group>"; };
		FACF1A721942613100F099AA /* FFPLib_Common.glsl */ = {isa = PBXFileReference; lastKnownFileType = text; path = FFPLib_Common.glsl; sourceTree = "<group>"; };
		FACF1A731942613100F099AA /* FFPLib_Common.glsles */ = {isa = PBXFileReference; lastKnownFileType = text; path = FFPLib_Common.glsles; sourceTree = "<group>"; };
		FACF1A741942613100F099AA /* FFPLib_Common.hlsl */ = {isa = PBXFileReference; lastKnownFileType = text; path = FFPLib_Common.hlsl; sourceTree = "<group>"; };
		FACF1A751942613100F099AA /* FFPLib_Fog.cg */ = {isa = PBXFileReference; lastKnownFileType = text; path = FFPLib_Fog.cg; sourceTree = "<group>"; };
		FACF1A761942613100F099AA /* FFPLib_Fog.glsl */ = {isa = PBXFileReference; lastKnownFileType = text; path = FFPLib_Fog.glsl; sourceTree = "<group>"; };
		FACF1A771942613100F099AA /* FFPLib_Fog.glsles */ = {isa = PBXFileReference; lastKnownFileType = text; path = FFPLib_Fog.glsles; sourceTree = "<group>"; };
		FACF1A781942613100F099AA /* FFPLib_Fog.hlsl */ = {isa = PBXFileReference; lastKnownFileType = text; path = FFPLib_Fog.hlsl; sourceTree = "<group>"; };
		FACF1A791942613100F099AA /* FFPLib_Lighting.cg */ = {isa = PBXFileReference; lastKnownFileType = text; path = FFPLib_Lighting.cg; sourceTree = "<group>"; };
		FACF1A7A1942613100F099AA /* FFPLib_Lighting.glsl */ = {isa = PBXFileReference; lastKnownFileType = text; path = FFPLib_Lighting.glsl; sourceTree = "<group>"; };
		FACF1A7B1942613100F099AA /* FFPLib_Lighting.glsles */ = {isa = PBXFileReference; lastKnownFileType = text; path = FFPLib_Lighting.glsles; sourceTree = "<group>"; };
		FACF1A7C1942613100F099AA /* FFPLib_Lighting.hlsl */ = {isa = PBXFileReference; lastKnownFileType = text; path = FFPLib_Lighting.hlsl; sourceTree = "<group>"; };
		FACF1A7D1942613100F099AA /* FFPLib_Texturing.cg */ = {isa = PBXFileReference; lastKnownFileType = text; path = FFPLib_Texturing.cg; sourceTree = "<group>"; };
		FACF1A7E1942613100F099AA /* FFPLib_Texturing.glsl */ = {isa = PBXFileReference; lastKnownFileType = text; path = FFPLib_Texturing.glsl; sourceTree = "<group>"; };
		FACF1A7F1942613100F099AA /* FFPLib_Texturing.glsles */ = {isa = PBXFileReference; lastKnownFileType = text; path = FFPLib_Texturing.glsles; sourceTree = "<group>"; };
		FACF1A801942613100F099AA /* FFPLib_Texturing.hlsl */ = {isa = PBXFileReference; lastKnownFileType = text; path = FFPLib_Texturing.hlsl; sourceTree = "<group>"; };
		FACF1A811942613100F099AA /* FFPLib_Transform.cg */ = {isa = PBXFileReference; lastKnownFileType = text; path = FFPLib_Transform.cg; sourceTree = "<group>"; };
		FACF1A821942613100F099AA /* FFPLib_Transform.glsl */ = {isa = PBXFileReference; lastKnownFileType = text; path = FFPLib_Transform.glsl; sourceTree = "<group>"; };
		FACF1A831942613100F099AA /* FFPLib_Transform.glsles */ = {isa = PBXFileReference; lastKnownFileType = text; path = FFPLib_Transform.glsles; sourceTree = "<group>"; };
		FACF1A841942613100F099AA /* FFPLib_Transform.hlsl */ = {isa = PBXFileReference; lastKnownFileType = text; path = FFPLib_Transform.hlsl; sourceTree = "<group>"; };
		FACF1A861942613100F099AA /* HardwareSkinningShadow.cg */ = {isa = PBXFileReference; lastKnownFileType = text; path = HardwareSkinningShadow.cg; sourceTree = "<group>"; };
		FACF1A871942613100F099AA /* HardwareSkinningShadow.material */ = {isa = PBXFileReference; lastKnownFileType = text; path = HardwareSkinningShadow.material; sourceTree = "<group>"; };
		FACF1A881942613100F099AA /* RTShaderSystem.material */ = {isa = PBXFileReference; lastKnownFileType = text; path = RTShaderSystem.material; sourceTree = "<group>"; };
		FACF1A891942613100F099AA /* SampleLib_InstancedViewports.cg */ = {isa = PBXFileReference; lastKnownFileType = text; path = SampleLib_InstancedViewports.cg; sourceTree = "<group>"; };
		FACF1A8A1942613100F099AA /* SampleLib_InstancedViewports.glsl */ = {isa = PBXFileReference; lastKnownFileType = text; path = SampleLib_InstancedViewports.glsl; sourceTree = "<group>"; };
		FACF1A8B1942613100F099AA /* SampleLib_InstancedViewports.hlsl */ = {isa = PBXFileReference; lastKnownFileType = text; path = SampleLib_InstancedViewports.hlsl; sourceTree = "<group>"; };
		FACF1A8C1942613100F099AA /* SampleLib_ReflectionMap.cg */ = {isa = PBXFileReference; lastKnownFileType = text; path = SampleLib_ReflectionMap.cg; sourceTree = "<group>"; };
		FACF1A8D1942613100F099AA /* SampleLib_ReflectionMap.glsl */ = {isa = PBXFileReference; lastKnownFileType = text; path = SampleLib_ReflectionMap.glsl; sourceTree = "<group>"; };
		FACF1A8E1942613100F099AA /* SampleLib_ReflectionMap.glsles */ = {isa = PBXFileReference; lastKnownFileType = text; path = SampleLib_ReflectionMap.glsles; sourceTree = "<group>"; };
		FACF1A8F1942613100F099AA /* SampleLib_ReflectionMap.hlsl */ = {isa = PBXFileReference; lastKnownFileType = text; path = SampleLib_ReflectionMap.hlsl; sourceTree = "<group>"; };
		FACF1A901942613100F099AA /* SGXLib_IntegratedPSSM.cg */ = {isa = PBXFileReference; lastKnownFileType = text; path = SGXLib_IntegratedPSSM.cg; sourceTree = "<group>"; };
		FACF1A911942613100F099AA /* SGXLib_IntegratedPSSM.glsl */ = {isa = PBXFileReference; lastKnownFileType = text; path = SGXLib_IntegratedPSSM.glsl; sourceTree = "<group>"; };
		FACF1A921942613100F099AA /* SGXLib_IntegratedPSSM.glsles */ = {isa = PBXFileReference; lastKnownFileType = text; path = SGXLib_IntegratedPSSM.glsles; sourceTree = "<group>"; };
		FACF1A931942613100F099AA /* SGXLib_IntegratedPSSM.hlsl */ = {isa = PBXFileReference; lastKnownFileType = text; path = SGXLib_IntegratedPSSM.hlsl; sourceTree = "<group>"; };
		FACF1A941942613100F099AA /* SGXLib_LayeredBlending.cg */ = {isa = PBXFileReference; lastKnownFileType = text; path = SGXLib_LayeredBlending.cg; sourceTree = "<group>"; };
		FACF1A951942613100F099AA /* SGXLib_LayeredBlending.glsl */ = {isa = PBXFileReference; lastKnownFileType = text; path = SGXLib_LayeredBlending.glsl; sourceTree = "<group>"; };
		FACF1A961942613100F099AA /* SGXLib_LayeredBlending.glsles */ = {isa = PBXFileReference; lastKnownFileType = text; path = SGXLib_LayeredBlending.glsles; sourceTree = "<group>"; };
		FACF1A971942613100F099AA /* SGXLib_LayeredBlending.hlsl */ = {isa = PBXFileReference; lastKnownFileType = text; path = SGXLib_LayeredBlending.hlsl; sourceTree = "<group>"; };
		FACF1A981942613100F099AA /* SGXLib_NormalMapLighting.cg */ = {isa = PBXFileReference; lastKnownFileType = text; path = SGXLib_NormalMapLighting.cg; sourceTree = "<group>"; };
		FACF1A991942613100F099AA /* SGXLib_NormalMapLighting.glsl */ = {isa = PBXFileReference; lastKnownFileType = text; path = SGXLib_NormalMapLighting.glsl; sourceTree = "<group>"; };
		FACF1A9A1942613100F099AA /* SGXLib_NormalMapLighting.glsles */ = {isa = PBXFileReference; lastKnownFileType = text; path = SGXLib_NormalMapLighting.glsles; sourceTree = "<group>"; };
		FACF1A9B1942613100F099AA /* SGXLib_NormalMapLighting.hlsl */ = {isa = PBXFileReference; lastKnownFileType = text; path = SGXLib_NormalMapLighting.hlsl; sourceTree = "<group>"; };
		FACF1A9C1942613100F099AA /* SGXLib_PerPixelLighting.cg */ = {isa = PBXFileReference; lastKnownFileType = text; path = SGXLib_PerPixelLighting.cg; sourceTree = "<group>"; };
		FACF1A9D1942613100F099AA /* SGXLib_PerPixelLighting.glsl */ = {isa = PBXFileReference; lastKnownFileType = text; path = SGXLib_PerPixelLighting.glsl; sourceTree = "<group>"; };
		FACF1A9E1942613100F099AA /* SGXLib_PerPixelLighting.glsles */ = {isa = PBXFileReference; lastKnownFileType = text; path = SGXLib_PerPixelLighting.glsles; sourceTree = "<group>"; };
		FACF1A9F1942613100F099AA /* SGXLib_PerPixelLighting.hlsl */ = {isa = PBXFileReference; lastKnownFileType = text; path = SGXLib_PerPixelLighting.hlsl; sourceTree = "<group>"; };
		FACF1AA01942613100F099AA /* SGXLib_TextureAtlas.cg */ = {isa = PBXFileReference; lastKnownFileType = text; path = SGXLib_TextureAtlas.cg; sourceTree = "<group>"; };
		FACF1AA11942613100F099AA /* SGXLib_TextureAtlas.glsl */ = {isa = PBXFileReference; lastKnownFileType = text; path = SGXLib_TextureAtlas.glsl; sourceTree = "<group>"; };
		FACF1AA21942613100F099AA /* SGXLib_TextureAtlas.glsles */ = {isa = PBXFileReference; lastKnownFileType = text; path = SGXLib_TextureAtlas.glsles; sourceTree = "<group>"; };
		FACF1AA31942613100F099AA /* SGXLib_TextureAtlas.hlsl */ = {isa = PBXFileReference; lastKnownFileType = text; path = SGXLib_TextureAtlas.hlsl; sourceTree = "<group>"; };
/* End PBXFileReference section */

/* Begin PBXFrameworksBuildPhase section */
		FA7769A2193E4B02005F4810 /* Frameworks */ = {
			isa = PBXFrameworksBuildPhase;
			buildActionMask = 2147483647;
			files = (
				FA7769B2193E4B02005F4810 /* QuartzCore.framework in Frameworks */,
				FA7769AC193E4B02005F4810 /* Cocoa.framework in Frameworks */,
				FA7769B0193E4B02005F4810 /* OpenGL.framework in Frameworks */,
				FA7769AA193E4B02005F4810 /* Carbon.framework in Frameworks */,
				FA7769AE193E4B02005F4810 /* IOKit.framework in Frameworks */,
				FACF1A2B19425CBE00F099AA /* AudioToolbox.framework in Frameworks */,
				FACF1A21194249F300F099AA /* AVFoundation.framework in Frameworks */,
				FACF1A23194249FA00F099AA /* OpenAL.framework in Frameworks */,
			);
			runOnlyForDeploymentPostprocessing = 0;
		};
/* End PBXFrameworksBuildPhase section */

/* Begin PBXGroup section */
		FA359416193E62E30050AB5C /* common */ = {
			isa = PBXGroup;
			children = (
				FACF1A091942495900F099AA /* OGKAudio.h */,
				FAB8BF1819531C8000DA2B26 /* OGKCamera.cpp */,
				FAB8BF1919531C8000DA2B26 /* OGKCamera.h */,
				FA35946A193E64120050AB5C /* OGKGame.cpp */,
				FA35946B193E64120050AB5C /* OGKGame.h */,
				FAB8BF24195327BE00DA2B26 /* OGKInputManager.cpp */,
				FAB8BF25195327BE00DA2B26 /* OGKInputManager.h */,
				FAB8BF2D1953C71800DA2B26 /* OGKPlayer.cpp */,
				FAB8BF2E1953C71800DA2B26 /* OGKPlayer.h */,
				FACF19E71940E8CA00F099AA /* OGKShaderGenerator.h */,
				FA35946C193E64120050AB5C /* OGKShaderGeneratorListener.h */,
				FA35946D193E64120050AB5C /* OGKStaticPluginLoader.h */,
				FACF19E31940DD7D00F099AA /* OGKTerrain.cpp */,
				FACF19E41940DD7D00F099AA /* OGKTerrain.h */,
				FACF1A2C19425DEF00F099AA /* OGKTerrainMaterial.cpp */,
				FACF1A2D19425DEF00F099AA /* OGKTerrainMaterial.h */,
			);
			name = common;
			sourceTree = "<group>";
		};
		FA35941C193E637C0050AB5C /* osx */ = {
			isa = PBXGroup;
			children = (
				FACF1A0D1942499900F099AA /* lib */,
				FA35946F193E641D0050AB5C /* OGKAppDelgate.h */,
				FA359470193E641D0050AB5C /* OGKAppDelgate.mm */,
				FACF1A1D194249AC00F099AA /* OGKAudioOSX.h */,
				FACF1A1E194249AC00F099AA /* OGKAudioOSX.mm */,
				FA35A6C7195486DD0071F577 /* OGKOSXWindow.h */,
				FA35A6C8195486DD0071F577 /* OGKOSXWindow.mm */,
				FA35A6CA195487020071F577 /* OGKOSXWindowInterface.h */,
			);
			name = osx;
			sourceTree = "<group>";
		};
		FA77699C193E4B02005F4810 = {
			isa = PBXGroup;
			children = (
				FA7769B3193E4B02005F4810 /* OgreGameKit */,
				FA7769A8193E4B02005F4810 /* Frameworks */,
				FA7769A7193E4B02005F4810 /* Products */,
			);
			sourceTree = "<group>";
		};
		FA7769A7193E4B02005F4810 /* Products */ = {
			isa = PBXGroup;
			children = (
				FA7769A6193E4B02005F4810 /* OgreGameKit.app */,
			);
			name = Products;
			sourceTree = "<group>";
		};
		FA7769A8193E4B02005F4810 /* Frameworks */ = {
			isa = PBXGroup;
			children = (
				FACF1A2A19425CBE00F099AA /* AudioToolbox.framework */,
				FACF1A22194249FA00F099AA /* OpenAL.framework */,
				FACF1A20194249F300F099AA /* AVFoundation.framework */,
				FA7769A9193E4B02005F4810 /* Carbon.framework */,
				FA7769AB193E4B02005F4810 /* Cocoa.framework */,
				FA7769AD193E4B02005F4810 /* IOKit.framework */,
				FA7769AF193E4B02005F4810 /* OpenGL.framework */,
				FA7769B1193E4B02005F4810 /* QuartzCore.framework */,
			);
			name = Frameworks;
			sourceTree = "<group>";
		};
		FA7769B3193E4B02005F4810 /* OgreGameKit */ = {
			isa = PBXGroup;
			children = (
				FA359416193E62E30050AB5C /* common */,
				FA35941C193E637C0050AB5C /* osx */,
				FA7769BA193E4B02005F4810 /* main.mm */,
				FA7769C4193E4B02005F4810 /* Resources */,
				FA7769B4193E4B02005F4810 /* Supporting Files */,
			);
			path = OgreGameKit;
			sourceTree = "<group>";
		};
		FA7769B4193E4B02005F4810 /* Supporting Files */ = {
			isa = PBXGroup;
			children = (
				FA7769B7193E4B02005F4810 /* InfoPlist.strings */,
				FA7769B5193E4B02005F4810 /* OgreGameKit-Prefix.pch */,
				FA7769B6193E4B02005F4810 /* OgreGameKit-Info.plist */,
			);
			name = "Supporting Files";
			sourceTree = "<group>";
		};
		FA7769C4193E4B02005F4810 /* Resources */ = {
			isa = PBXGroup;
			children = (
				FACF1A2F1942613100F099AA /* media */,
				FA7769D5193E4B02005F4810 /* ogre.cfg */,
				FA7769D7193E4B02005F4810 /* plugins.cfg */,
				FA7769D9193E4B02005F4810 /* resources.cfg */,
			);
			name = Resources;
			sourceTree = "<group>";
		};
		FACF1A0D1942499900F099AA /* lib */ = {
			isa = PBXGroup;
			children = (
				FACF1A0E1942499900F099AA /* audio */,
			);
			path = lib;
			sourceTree = "<group>";
		};
		FACF1A0E1942499900F099AA /* audio */ = {
			isa = PBXGroup;
			children = (
				FACF1A0F1942499900F099AA /* CocosDenshion */,
			);
			path = audio;
			sourceTree = "<group>";
		};
		FACF1A0F1942499900F099AA /* CocosDenshion */ = {
			isa = PBXGroup;
			children = (
				FACF1A101942499900F099AA /* CDAudioManager.h */,
				FACF1A111942499900F099AA /* CDAudioManager.m */,
				FACF1A121942499900F099AA /* CDConfig.h */,
				FACF1A2419424ADF00F099AA /* CDXMacOSXSupport.h */,
				FACF1A2519424ADF00F099AA /* CDXMacOSXSupport.mm */,
				FACF1A131942499900F099AA /* CDOpenALSupport.h */,
				FACF1A141942499900F099AA /* CDOpenALSupport.m */,
				FACF1A151942499900F099AA /* CocosDenshion.h */,
				FACF1A161942499900F099AA /* CocosDenshion.m */,
				FACF1A171942499900F099AA /* SimpleAudioEngine.h */,
				FACF1A181942499900F099AA /* SimpleAudioEngine.m */,
			);
			path = CocosDenshion;
			sourceTree = "<group>";
		};
		FACF1A2F1942613100F099AA /* media */ = {
			isa = PBXGroup;
			children = (
				FACF1A301942613100F099AA /* audio */,
				FACF1A331942613100F099AA /* materials */,
				FACF1A541942613100F099AA /* models */,
				FACF1A551942613100F099AA /* packs */,
				FACF1A701942613100F099AA /* RTShaderLib */,
			);
			name = media;
			path = ../../media;
			sourceTree = "<group>";
		};
		FACF1A301942613100F099AA /* audio */ = {
			isa = PBXGroup;
			children = (
				FACF1A311942613100F099AA /* background.mp3 */,
				FACF1A321942613100F099AA /* README.md */,
			);
			path = audio;
			sourceTree = "<group>";
		};
		FACF1A331942613100F099AA /* materials */ = {
			isa = PBXGroup;
			children = (
				FACF1A341942613100F099AA /* programs */,
				FACF1A381942613100F099AA /* scripts */,
				FACF1A3C1942613100F099AA /* textures */,
			);
			path = materials;
			sourceTree = "<group>";
		};
		FACF1A341942613100F099AA /* programs */ = {
			isa = PBXGroup;
			children = (
				FACF1A351942613100F099AA /* TerrainFP.cg */,
				FACF1A361942613100F099AA /* TerrainShader.program */,
				FACF1A371942613100F099AA /* TerrainVP.cg */,
			);
			path = programs;
			sourceTree = "<group>";
		};
		FACF1A381942613100F099AA /* scripts */ = {
			isa = PBXGroup;
			children = (
				FACF1A391942613100F099AA /* Debug.material */,
				FACF1A3A1942613100F099AA /* OgreGameKit.material */,
				FACF1A3B1942613100F099AA /* Terrain.material */,
			);
			path = scripts;
			sourceTree = "<group>";
		};
		FACF1A3C1942613100F099AA /* textures */ = {
			isa = PBXGroup;
			children = (
				FACF1A3D1942613100F099AA /* artifexterra3d_colourmap.png */,
				FACF1A3E1942613100F099AA /* dirt_grayrocky_diffusespecular.dds */,
				FACF1A3F1942613100F099AA /* dirt_grayrocky_normalheight.dds */,
				FACF1A401942613100F099AA /* ETcoverage.0.png */,
				FACF1A411942613100F099AA /* ETcoverage.1.png */,
				FACF1A421942613100F099AA /* ETcoverage.2.png */,
				FACF1A431942613100F099AA /* ETlightmap.png */,
				FACF1A441942613100F099AA /* ETterrain.png */,
				FACF1A451942613100F099AA /* grass_green-01_diffusespecular.dds */,
				FACF1A461942613100F099AA /* grass_green-01_normalheight.dds */,
				FACF1A471942613100F099AA /* growth_weirdfungus-03_diffusespecular.dds */,
				FACF1A481942613100F099AA /* growth_weirdfungus-03_normalheight.dds */,
				FACF1A491942613100F099AA /* height.png */,
				FACF1A4A1942613100F099AA /* splatting0.png */,
				FACF1A4B1942613100F099AA /* splatting1.png */,
				FACF1A4C1942613100F099AA /* splatting2.png */,
				FACF1A4D1942613100F099AA /* splatting3.png */,
				FACF1A4E1942613100F099AA /* splatting4.png */,
				FACF1A4F1942613100F099AA /* splatting5.png */,
				FACF1A501942613100F099AA /* splatting6.png */,
				FACF1A511942613100F099AA /* splatting7.png */,
				FACF1A521942613100F099AA /* splatting8.png */,
				FACF1A531942613100F099AA /* terrain.png */,
			);
			path = textures;
			sourceTree = "<group>";
		};
		FACF1A541942613100F099AA /* models */ = {
			isa = PBXGroup;
			children = (
			);
			path = models;
			sourceTree = "<group>";
		};
		FACF1A551942613100F099AA /* packs */ = {
			isa = PBXGroup;
			children = (
				FACF1A561942613100F099AA /* SdkTrays */,
				FACF1A6E1942613100F099AA /* SdkTrays.zip */,
				FACF1A6F1942613100F099AA /* skybox.zip */,
			);
			path = packs;
			sourceTree = "<group>";
		};
		FACF1A561942613100F099AA /* SdkTrays */ = {
			isa = PBXGroup;
			children = (
				FACF1A571942613100F099AA /* ctrl_freak.ttf */,
				FACF1A581942613100F099AA /* cuckoo.ttf */,
				FACF1A591942613100F099AA /* sdk_bands.png */,
				FACF1A5A1942613100F099AA /* sdk_button_down.png */,
				FACF1A5B1942613100F099AA /* sdk_button_over.png */,
				FACF1A5C1942613100F099AA /* sdk_button_up.png */,
				FACF1A5D1942613100F099AA /* sdk_cursor.png */,
				FACF1A5E1942613100F099AA /* sdk_frame.png */,
				FACF1A5F1942613100F099AA /* sdk_handle.png */,
				FACF1A601942613100F099AA /* sdk_label.png */,
				FACF1A611942613100F099AA /* sdk_logo.png */,
				FACF1A621942613100F099AA /* sdk_mini_text_box.png */,
				FACF1A631942613100F099AA /* sdk_mini_text_box_over.png */,
				FACF1A641942613100F099AA /* sdk_mini_tray.png */,
				FACF1A651942613100F099AA /* sdk_pulse.png */,
				FACF1A661942613100F099AA /* sdk_separator.png */,
				FACF1A671942613100F099AA /* sdk_shade.png */,
				FACF1A681942613100F099AA /* sdk_text_box.png */,
				FACF1A691942613100F099AA /* sdk_track.png */,
				FACF1A6A1942613100F099AA /* sdk_tray.png */,
				FACF1A6B1942613100F099AA /* SdkTrays.fontdef */,
				FACF1A6C1942613100F099AA /* SdkTrays.material */,
				FACF1A6D1942613100F099AA /* SdkTrays.overlay */,
			);
			path = SdkTrays;
			sourceTree = "<group>";
		};
		FACF1A701942613100F099AA /* RTShaderLib */ = {
			isa = PBXGroup;
			children = (
				FACF1A711942613100F099AA /* FFPLib_Common.cg */,
				FACF1A721942613100F099AA /* FFPLib_Common.glsl */,
				FACF1A731942613100F099AA /* FFPLib_Common.glsles */,
				FACF1A741942613100F099AA /* FFPLib_Common.hlsl */,
				FACF1A751942613100F099AA /* FFPLib_Fog.cg */,
				FACF1A761942613100F099AA /* FFPLib_Fog.glsl */,
				FACF1A771942613100F099AA /* FFPLib_Fog.glsles */,
				FACF1A781942613100F099AA /* FFPLib_Fog.hlsl */,
				FACF1A791942613100F099AA /* FFPLib_Lighting.cg */,
				FACF1A7A1942613100F099AA /* FFPLib_Lighting.glsl */,
				FACF1A7B1942613100F099AA /* FFPLib_Lighting.glsles */,
				FACF1A7C1942613100F099AA /* FFPLib_Lighting.hlsl */,
				FACF1A7D1942613100F099AA /* FFPLib_Texturing.cg */,
				FACF1A7E1942613100F099AA /* FFPLib_Texturing.glsl */,
				FACF1A7F1942613100F099AA /* FFPLib_Texturing.glsles */,
				FACF1A801942613100F099AA /* FFPLib_Texturing.hlsl */,
				FACF1A811942613100F099AA /* FFPLib_Transform.cg */,
				FACF1A821942613100F099AA /* FFPLib_Transform.glsl */,
				FACF1A831942613100F099AA /* FFPLib_Transform.glsles */,
				FACF1A841942613100F099AA /* FFPLib_Transform.hlsl */,
				FACF1A851942613100F099AA /* materials */,
				FACF1A891942613100F099AA /* SampleLib_InstancedViewports.cg */,
				FACF1A8A1942613100F099AA /* SampleLib_InstancedViewports.glsl */,
				FACF1A8B1942613100F099AA /* SampleLib_InstancedViewports.hlsl */,
				FACF1A8C1942613100F099AA /* SampleLib_ReflectionMap.cg */,
				FACF1A8D1942613100F099AA /* SampleLib_ReflectionMap.glsl */,
				FACF1A8E1942613100F099AA /* SampleLib_ReflectionMap.glsles */,
				FACF1A8F1942613100F099AA /* SampleLib_ReflectionMap.hlsl */,
				FACF1A901942613100F099AA /* SGXLib_IntegratedPSSM.cg */,
				FACF1A911942613100F099AA /* SGXLib_IntegratedPSSM.glsl */,
				FACF1A921942613100F099AA /* SGXLib_IntegratedPSSM.glsles */,
				FACF1A931942613100F099AA /* SGXLib_IntegratedPSSM.hlsl */,
				FACF1A941942613100F099AA /* SGXLib_LayeredBlending.cg */,
				FACF1A951942613100F099AA /* SGXLib_LayeredBlending.glsl */,
				FACF1A961942613100F099AA /* SGXLib_LayeredBlending.glsles */,
				FACF1A971942613100F099AA /* SGXLib_LayeredBlending.hlsl */,
				FACF1A981942613100F099AA /* SGXLib_NormalMapLighting.cg */,
				FACF1A991942613100F099AA /* SGXLib_NormalMapLighting.glsl */,
				FACF1A9A1942613100F099AA /* SGXLib_NormalMapLighting.glsles */,
				FACF1A9B1942613100F099AA /* SGXLib_NormalMapLighting.hlsl */,
				FACF1A9C1942613100F099AA /* SGXLib_PerPixelLighting.cg */,
				FACF1A9D1942613100F099AA /* SGXLib_PerPixelLighting.glsl */,
				FACF1A9E1942613100F099AA /* SGXLib_PerPixelLighting.glsles */,
				FACF1A9F1942613100F099AA /* SGXLib_PerPixelLighting.hlsl */,
				FACF1AA01942613100F099AA /* SGXLib_TextureAtlas.cg */,
				FACF1AA11942613100F099AA /* SGXLib_TextureAtlas.glsl */,
				FACF1AA21942613100F099AA /* SGXLib_TextureAtlas.glsles */,
				FACF1AA31942613100F099AA /* SGXLib_TextureAtlas.hlsl */,
			);
			path = RTShaderLib;
			sourceTree = "<group>";
		};
		FACF1A851942613100F099AA /* materials */ = {
			isa = PBXGroup;
			children = (
				FACF1A861942613100F099AA /* HardwareSkinningShadow.cg */,
				FACF1A871942613100F099AA /* HardwareSkinningShadow.material */,
				FACF1A881942613100F099AA /* RTShaderSystem.material */,
			);
			path = materials;
			sourceTree = "<group>";
		};
/* End PBXGroup section */

/* Begin PBXNativeTarget section */
		FA7769A5193E4B02005F4810 /* OgreGameKit */ = {
			isa = PBXNativeTarget;
			buildConfigurationList = FA7769DD193E4B02005F4810 /* Build configuration list for PBXNativeTarget "OgreGameKit" */;
			buildPhases = (
				FA7769A1193E4B02005F4810 /* Sources */,
				FA7769A2193E4B02005F4810 /* Frameworks */,
				FA7769A3193E4B02005F4810 /* Resources */,
				FA7769A4193E4B02005F4810 /* ShellScript */,
			);
			buildRules = (
			);
			dependencies = (
			);
			name = OgreGameKit;
			productName = OgreGameKit;
			productReference = FA7769A6193E4B02005F4810 /* OgreGameKit.app */;
			productType = "com.apple.product-type.application";
		};
/* End PBXNativeTarget section */

/* Begin PBXProject section */
		FA77699D193E4B02005F4810 /* Project object */ = {
			isa = PBXProject;
			attributes = {
				LastUpgradeCheck = 0510;
			};
			buildConfigurationList = FA7769A0193E4B02005F4810 /* Build configuration list for PBXProject "OgreGameKit" */;
			compatibilityVersion = "Xcode 3.2";
			developmentRegion = English;
			hasScannedForEncodings = 0;
			knownRegions = (
				en,
			);
			mainGroup = FA77699C193E4B02005F4810;
			productRefGroup = FA7769A7193E4B02005F4810 /* Products */;
			projectDirPath = "";
			projectRoot = "";
			targets = (
				FA7769A5193E4B02005F4810 /* OgreGameKit */,
			);
		};
/* End PBXProject section */

/* Begin PBXResourcesBuildPhase section */
		FA7769A3193E4B02005F4810 /* Resources */ = {
			isa = PBXResourcesBuildPhase;
			buildActionMask = 2147483647;
			files = (
				FA7769B9193E4B02005F4810 /* InfoPlist.strings in Resources */,
				FA7769D6193E4B02005F4810 /* ogre.cfg in Resources */,
				FA7769DA193E4B02005F4810 /* resources.cfg in Resources */,
				FA7769D8193E4B02005F4810 /* plugins.cfg in Resources */,
			);
			runOnlyForDeploymentPostprocessing = 0;
		};
/* End PBXResourcesBuildPhase section */

/* Begin PBXShellScriptBuildPhase section */
		FA7769A4193E4B02005F4810 /* ShellScript */ = {
			isa = PBXShellScriptBuildPhase;
			buildActionMask = 2147483647;
			files = (
			);
			inputPaths = (
			);
			outputPaths = (
			);
			runOnlyForDeploymentPostprocessing = 0;
			shellPath = /bin/bash;
			shellScript = "# This shell script simply copies resources into their respective locations\nmkdir -p \"$BUILT_PRODUCTS_DIR/OgreGameKit.app/Contents/Frameworks\"\nmkdir -p \"$BUILT_PRODUCTS_DIR/OgreGameKit.app/Contents/Plugins\"\nditto \"$OGRE_SDK_ROOT/lib/macosx/Release/Ogre.framework\" \"$BUILT_PRODUCTS_DIR/OgreGameKit.app/Contents/Frameworks/Ogre.framework\"\nditto \"$OGRE_SDK_ROOT/lib/macosx/Release/Plugin_CgProgramManager.framework\" \"$BUILT_PRODUCTS_DIR/OgreGameKit.app/Contents/Frameworks/Plugin_CgProgramManager.framework\"\nditto \"$OGRE_SDK_ROOT/lib/macosx/Release/OgreOverlay.framework\" \"$BUILT_PRODUCTS_DIR/OgreGameKit.app/Contents/Frameworks/OgreOverlay.framework\"\nditto \"$OGRE_SDK_ROOT/lib/macosx/Release/OgrePaging.framework\" \"$BUILT_PRODUCTS_DIR/OgreGameKit.app/Contents/Frameworks/OgrePaging.framework\"\nditto \"$OGRE_SDK_ROOT/lib/macosx/Release/OgreTerrain.framework\" \"$BUILT_PRODUCTS_DIR/OgreGameKit.app/Contents/Frameworks/OgreTerrain.framework\"\nditto \"$OGRE_SDK_ROOT/lib/macosx/Release/RenderSystem_GL.framework\" \"$BUILT_PRODUCTS_DIR/OgreGameKit.app/Contents/Frameworks/RenderSystem_GL.framework\"\nditto \"$PROJECT_DIR/$PROJECT_NAME/../../media/\" \"$BUILT_PRODUCTS_DIR/OgreGameKit.app/Contents/Resources/media/\"\nditto $PROJECT_DIR/$PROJECT_NAME/*.cfg \"$BUILT_PRODUCTS_DIR/OgreGameKit.app/Contents/Resources/\"\n";
		};
/* End PBXShellScriptBuildPhase section */

/* Begin PBXSourcesBuildPhase section */
		FA7769A1193E4B02005F4810 /* Sources */ = {
			isa = PBXSourcesBuildPhase;
			buildActionMask = 2147483647;
			files = (
				FACF1A1F194249AC00F099AA /* OGKAudioOSX.mm in Sources */,
				FACF1A1C1942499900F099AA /* SimpleAudioEngine.m in Sources */,
				FAB8BF2F1953C71800DA2B26 /* OGKPlayer.cpp in Sources */,
				FA7769BB193E4B02005F4810 /* main.mm in Sources */,
				FACF19E51940DD7D00F099AA /* OGKTerrain.cpp in Sources */,
				FAB8BF1A19531C8000DA2B26 /* OGKCamera.cpp in Sources */,
				FACF1A1B1942499900F099AA /* CocosDenshion.m in Sources */,
				FAB8BF26195327BE00DA2B26 /* OGKInputManager.cpp in Sources */,
				FACF1A2619424ADF00F099AA /* CDXMacOSXSupport.mm in Sources */,
				FA35946E193E64120050AB5C /* OGKGame.cpp in Sources */,
				FACF1A2E19425DEF00F099AA /* OGKTerrainMaterial.cpp in Sources */,
				FA359471193E641D0050AB5C /* OGKAppDelgate.mm in Sources */,
				FACF1A191942499900F099AA /* CDAudioManager.m in Sources */,
				FACF1A1A1942499900F099AA /* CDOpenALSupport.m in Sources */,
				FA35A6C9195486DD0071F577 /* OGKOSXWindow.mm in Sources */,
			);
			runOnlyForDeploymentPostprocessing = 0;
		};
/* End PBXSourcesBuildPhase section */

/* Begin PBXVariantGroup section */
		FA7769B7193E4B02005F4810 /* InfoPlist.strings */ = {
			isa = PBXVariantGroup;
			children = (
				FA7769B8193E4B02005F4810 /* en */,
			);
			name = InfoPlist.strings;
			sourceTree = "<group>";
		};
/* End PBXVariantGroup section */

/* Begin XCBuildConfiguration section */
		FA7769DB193E4B02005F4810 /* Debug */ = {
			isa = XCBuildConfiguration;
			buildSettings = {
				ARCHS = "$(ARCHS_STANDARD_32_64_BIT)";
				COPY_PHASE_STRIP = NO;
				FRAMEWORK_SEARCH_PATHS = (
					"\"$(OGRE_SDK_ROOT)/lib/macosx/Release\"",
					"\"$(OGRE_SDK_ROOT)/Dependencies\"",
				);
				GCC_PRECOMPILE_PREFIX_HEADER = YES;
				GCC_PREFIX_HEADER = "OgreGameKit/OgreGameKit-Prefix.pch";
				HEADER_SEARCH_PATHS = (
					"\"$(OGRE_SDK_ROOT)/include/OGRE\"",
					"\"$(OGRE_SDK_ROOT)/include/OGRE/OSX\"",
					"\"$(OGRE_SDK_ROOT)/include/OGRE/Overlay\"",
					"\"$(OGRE_SDK_ROOT)/include/OIS\"",
					"\"$(OGRE_SDK_ROOT)/Dependencies/include\"",
					"\"$(OGRE_SDK_ROOT)/boost\"",
				);
				INFOPLIST_FILE = "OgreGameKit/OgreGameKit-Info.plist";
				LIBRARY_SEARCH_PATHS = (
					"\"$(OGRE_SDK_ROOT)/lib\"",
					"\"$(OGRE_SDK_ROOT)/Dependencies/lib/Release\"",
					/opt/local/lib,
				);
				OTHER_LDFLAGS = (
					"-lOIS",
					"-lboost_system-mt",
					"-framework",
					Ogre,
					"-framework",
					OgreOverlay,
				);
				PRODUCT_NAME = "$(TARGET_NAME)";
				SDKROOT = macosx;
				WRAPPER_EXTENSION = app;
			};
			name = Debug;
		};
		FA7769DC193E4B02005F4810 /* Release */ = {
			isa = XCBuildConfiguration;
			buildSettings = {
				ARCHS = "$(ARCHS_STANDARD_32_64_BIT)";
				COPY_PHASE_STRIP = YES;
				DEBUG_INFORMATION_FORMAT = "dwarf-with-dsym";
				FRAMEWORK_SEARCH_PATHS = (
					"\"$(OGRE_SDK_ROOT)/lib/macosx/Release\"",
					"\"$(OGRE_SDK_ROOT)/Dependencies\"",
				);
				GCC_PRECOMPILE_PREFIX_HEADER = YES;
				GCC_PREFIX_HEADER = "OgreGameKit/OgreGameKit-Prefix.pch";
				HEADER_SEARCH_PATHS = (
					"\"$(OGRE_SDK_ROOT)/include/OGRE\"",
					"\"$(OGRE_SDK_ROOT)/include/OGRE/OSX\"",
					"\"$(OGRE_SDK_ROOT)/include/OGRE/Overlay\"",
					"\"$(OGRE_SDK_ROOT)/include/OIS\"",
					"\"$(OGRE_SDK_ROOT)/Dependencies/include\"",
					"\"$(OGRE_SDK_ROOT)/boost\"",
				);
				INFOPLIST_FILE = "OgreGameKit/OgreGameKit-Info.plist";
				LIBRARY_SEARCH_PATHS = (
					"\"$(OGRE_SDK_ROOT)/lib\"",
					"\"$(OGRE_SDK_ROOT)/Dependencies/lib/Release\"",
					/opt/local/lib,
				);
				OTHER_LDFLAGS = (
					"-lOIS",
					"-lboost_system-mt",
					"-framework",
					Ogre,
					"-framework",
					OgreOverlay,
				);
				PRODUCT_NAME = "$(TARGET_NAME)";
				SDKROOT = macosx;
				WRAPPER_EXTENSION = app;
			};
			name = Release;
		};
		FA7769DE193E4B02005F4810 /* Debug */ = {
			isa = XCBuildConfiguration;
			buildSettings = {
				ARCHS = "$(ARCHS_STANDARD)";
				CLANG_CXX_LANGUAGE_STANDARD = "gnu++98";
				CLANG_CXX_LIBRARY = "libc++";
				HEADER_SEARCH_PATHS = (
					"\"$(OGRE_SDK_ROOT)/include/OGRE\"",
					"\"$(OGRE_SDK_ROOT)/include/OGRE/OSX\"",
					"\"$(OGRE_SDK_ROOT)/include/OGRE/Overlay\"",
					"\"$(OGRE_SDK_ROOT)/include/OGRE/Paging\"",
					"\"$(OGRE_SDK_ROOT)/include/OGRE/Terrain\"",
					"\"$(OGRE_SDK_ROOT)/include/OIS\"",
					"\"$(OGRE_SDK_ROOT)/Dependencies/include\"",
					"\"$(OGRE_SDK_ROOT)/boost\"",
					"\"$(OGRE_SDK_ROOT)/include/OGRE/Plugins/CgProgramManager\"",
					"\"$(OGRE_SDK_ROOT)/include/OGRE/RenderSystems/GL\"",
					"\"$(OGRE_SDK_ROOT)/include/OGRE/RenderSystems/GL/OSX\"",
				);
				LIBRARY_SEARCH_PATHS = (
					"\"$(OGRE_SDK_ROOT)/Dependencies/lib\"",
					"\"$(OGRE_SDK_ROOT)/Dependencies/lib/Release\"",
					"\"$(OGRE_SDK_ROOT)/lib\"",
					/opt/local/lib,
				);
				OGRE_SDK_ROOT = "/Users/alex/Documents/workspace/ogre/1.9.x/1.9.0-osx-sdk";
				OTHER_LDFLAGS = (
					"-lOIS",
					"-lboost_system",
					"-framework",
					Ogre,
					"-framework",
					OgreOverlay,
					"-framework",
					OgreTerrain,
					"-framework",
					OgrePaging,
					"-framework",
					Plugin_CgProgramManager,
				);
			};
			name = Debug;
		};
		FA7769DF193E4B02005F4810 /* Release */ = {
			isa = XCBuildConfiguration;
			buildSettings = {
				ARCHS = "$(ARCHS_STANDARD)";
				CLANG_CXX_LANGUAGE_STANDARD = "gnu++98";
				CLANG_CXX_LIBRARY = "libc++";
				HEADER_SEARCH_PATHS = (
					"\"$(OGRE_SDK_ROOT)/include/OGRE\"",
					"\"$(OGRE_SDK_ROOT)/include/OGRE/OSX\"",
					"\"$(OGRE_SDK_ROOT)/include/OGRE/Overlay\"",
					"\"$(OGRE_SDK_ROOT)/include/OGRE/Paging\"",
					"\"$(OGRE_SDK_ROOT)/include/OGRE/Terrain\"",
					"\"$(OGRE_SDK_ROOT)/include/OIS\"",
					"\"$(OGRE_SDK_ROOT)/Dependencies/include\"",
					"\"$(OGRE_SDK_ROOT)/boost\"",
					"\"$(OGRE_SDK_ROOT)/include/OGRE/Plugins/CgProgramManager\"",
					"\"$(OGRE_SDK_ROOT)/include/OGRE/RenderSystems/GL\"",
					"\"$(OGRE_SDK_ROOT)/include/OGRE/RenderSystems/GL/OSX\"",
				);
				LIBRARY_SEARCH_PATHS = (
					"\"$(OGRE_SDK_ROOT)/Dependencies/lib\"",
					"\"$(OGRE_SDK_ROOT)/Dependencies/lib/Release\"",
					"\"$(OGRE_SDK_ROOT)/lib\"",
					/opt/local/lib,
				);
				OGRE_SDK_ROOT = "/Users/alex/Documents/workspace/ogre/1.9.x/1.9.0-osx-sdk";
				OTHER_LDFLAGS = (
					"-lOIS",
					"-lboost_system",
					"-framework",
					Ogre,
					"-framework",
					OgreOverlay,
					"-framework",
					OgreTerrain,
					"-framework",
					OgrePaging,
					"-framework",
					Plugin_CgProgramManager,
				);
			};
			name = Release;
		};
/* End XCBuildConfiguration section */

/* Begin XCConfigurationList section */
		FA7769A0193E4B02005F4810 /* Build configuration list for PBXProject "OgreGameKit" */ = {
			isa = XCConfigurationList;
			buildConfigurations = (
				FA7769DB193E4B02005F4810 /* Debug */,
				FA7769DC193E4B02005F4810 /* Release */,
			);
			defaultConfigurationIsVisible = 0;
			defaultConfigurationName = Release;
		};
		FA7769DD193E4B02005F4810 /* Build configuration list for PBXNativeTarget "OgreGameKit" */ = {
			isa = XCConfigurationList;
			buildConfigurations = (
				FA7769DE193E4B02005F4810 /* Debug */,
				FA7769DF193E4B02005F4810 /* Release */,
			);
			defaultConfigurationIsVisible = 0;
			defaultConfigurationName = Release;
		};
/* End XCConfigurationList section */
	};
	rootObject = FA77699D193E4B02005F4810 /* Project object */;
}
