// !$*UTF8*$!
{
	archiveVersion = 1;
	classes = {
	};
	objectVersion = 46;
	objects = {

/* Begin PBXBuildFile section */
		FA5D77001983F6A60078CC43 /* Gorilla.cpp in Sources */ = {isa = PBXBuildFile; fileRef = FA5D76BF1983F6A60078CC43 /* Gorilla.cpp */; };
		FA5D77011983F6A60078CC43 /* Gui3D.cpp in Sources */ = {isa = PBXBuildFile; fileRef = FA5D76C11983F6A60078CC43 /* Gui3D.cpp */; };
		FA5D77021983F6A60078CC43 /* Gui3DButton.cpp in Sources */ = {isa = PBXBuildFile; fileRef = FA5D76C31983F6A60078CC43 /* Gui3DButton.cpp */; };
		FA5D77031983F6A60078CC43 /* Gui3DCaption.cpp in Sources */ = {isa = PBXBuildFile; fileRef = FA5D76C51983F6A60078CC43 /* Gui3DCaption.cpp */; };
		FA5D77041983F6A60078CC43 /* Gui3DCheckbox.cpp in Sources */ = {isa = PBXBuildFile; fileRef = FA5D76C71983F6A60078CC43 /* Gui3DCheckbox.cpp */; };
		FA5D77051983F6A60078CC43 /* Gui3DCheckboxSprite.cpp in Sources */ = {isa = PBXBuildFile; fileRef = FA5D76C91983F6A60078CC43 /* Gui3DCheckboxSprite.cpp */; };
		FA5D77061983F6A60078CC43 /* Gui3DCheckboxText.cpp in Sources */ = {isa = PBXBuildFile; fileRef = FA5D76CB1983F6A60078CC43 /* Gui3DCheckboxText.cpp */; };
		FA5D77071983F6A60078CC43 /* Gui3DClock.cpp in Sources */ = {isa = PBXBuildFile; fileRef = FA5D76CD1983F6A60078CC43 /* Gui3DClock.cpp */; };
		FA5D77081983F6A60078CC43 /* Gui3DCombobox.cpp in Sources */ = {isa = PBXBuildFile; fileRef = FA5D76CF1983F6A60078CC43 /* Gui3DCombobox.cpp */; };
		FA5D77091983F6A60078CC43 /* Gui3DContainer.cpp in Sources */ = {isa = PBXBuildFile; fileRef = FA5D76D21983F6A60078CC43 /* Gui3DContainer.cpp */; };
		FA5D770A1983F6A60078CC43 /* Gui3DDebugPanelColors.cpp in Sources */ = {isa = PBXBuildFile; fileRef = FA5D76D41983F6A60078CC43 /* Gui3DDebugPanelColors.cpp */; };
		FA5D770B1983F6A60078CC43 /* Gui3DInlineSelector.cpp in Sources */ = {isa = PBXBuildFile; fileRef = FA5D76D71983F6A60078CC43 /* Gui3DInlineSelector.cpp */; };
		FA5D770C1983F6A60078CC43 /* Gui3DListbox.cpp in Sources */ = {isa = PBXBuildFile; fileRef = FA5D76D91983F6A60078CC43 /* Gui3DListbox.cpp */; };
		FA5D770D1983F6A60078CC43 /* Gui3DMultipleElementsSelector.cpp in Sources */ = {isa = PBXBuildFile; fileRef = FA5D76DC1983F6A60078CC43 /* Gui3DMultipleElementsSelector.cpp */; };
		FA5D770E1983F6A60078CC43 /* Gui3DPanel.cpp in Sources */ = {isa = PBXBuildFile; fileRef = FA5D76DE1983F6A60078CC43 /* Gui3DPanel.cpp */; };
		FA5D770F1983F6A70078CC43 /* Gui3DPanelContainer.cpp in Sources */ = {isa = PBXBuildFile; fileRef = FA5D76E11983F6A60078CC43 /* Gui3DPanelContainer.cpp */; };
		FA5D77101983F6A70078CC43 /* Gui3DPanelElement.cpp in Sources */ = {isa = PBXBuildFile; fileRef = FA5D76E31983F6A60078CC43 /* Gui3DPanelElement.cpp */; };
		FA5D77111983F6A70078CC43 /* Gui3DProgressBar.cpp in Sources */ = {isa = PBXBuildFile; fileRef = FA5D76E61983F6A60078CC43 /* Gui3DProgressBar.cpp */; };
		FA5D77121983F6A70078CC43 /* Gui3DScreenPanel.cpp in Sources */ = {isa = PBXBuildFile; fileRef = FA5D76E81983F6A60078CC43 /* Gui3DScreenPanel.cpp */; };
		FA5D77131983F6A70078CC43 /* Gui3DScreenRenderable2DPanel.cpp in Sources */ = {isa = PBXBuildFile; fileRef = FA5D76EA1983F6A60078CC43 /* Gui3DScreenRenderable2DPanel.cpp */; };
		FA5D77141983F6A70078CC43 /* Gui3DScrollBar.cpp in Sources */ = {isa = PBXBuildFile; fileRef = FA5D76EC1983F6A60078CC43 /* Gui3DScrollBar.cpp */; };
		FA5D77151983F6A70078CC43 /* Gui3DStringCursorEdit.cpp in Sources */ = {isa = PBXBuildFile; fileRef = FA5D76EE1983F6A60078CC43 /* Gui3DStringCursorEdit.cpp */; };
		FA5D77161983F6A70078CC43 /* Gui3DTextZone.cpp in Sources */ = {isa = PBXBuildFile; fileRef = FA5D76F01983F6A60078CC43 /* Gui3DTextZone.cpp */; };
		FA5D77171983F6A70078CC43 /* Gui3DVerticalSelector.cpp in Sources */ = {isa = PBXBuildFile; fileRef = FA5D76F31983F6A60078CC43 /* Gui3DVerticalSelector.cpp */; };
		FA5D77181983F6A70078CC43 /* README.md in Resources */ = {isa = PBXBuildFile; fileRef = FA5D76F51983F6A60078CC43 /* README.md */; };
		FA5D77191983F6A70078CC43 /* DotSceneLoader.cpp in Sources */ = {isa = PBXBuildFile; fileRef = FA5D76F71983F6A60078CC43 /* DotSceneLoader.cpp */; };
		FA5D771A1983F6A70078CC43 /* license.txt in Resources */ = {isa = PBXBuildFile; fileRef = FA5D76FA1983F6A60078CC43 /* license.txt */; };
		FA5D771B1983F6A70078CC43 /* manual.html in Resources */ = {isa = PBXBuildFile; fileRef = FA5D76FB1983F6A60078CC43 /* manual.html */; };
		FA5D772F1983F6E30078CC43 /* OGKBadge.cpp in Sources */ = {isa = PBXBuildFile; fileRef = FA5D771C1983F6E30078CC43 /* OGKBadge.cpp */; };
		FA5D77301983F6E30078CC43 /* OGKConsole.cpp in Sources */ = {isa = PBXBuildFile; fileRef = FA5D771E1983F6E30078CC43 /* OGKConsole.cpp */; };
		FA5D77311983F6E30078CC43 /* OGKCutScene.cpp in Sources */ = {isa = PBXBuildFile; fileRef = FA5D77201983F6E30078CC43 /* OGKCutScene.cpp */; };
		FA5D77321983F6E30078CC43 /* OGKInGameScene.cpp in Sources */ = {isa = PBXBuildFile; fileRef = FA5D77231983F6E30078CC43 /* OGKInGameScene.cpp */; };
		FA5D77331983F6E30078CC43 /* OGKMenuScene.cpp in Sources */ = {isa = PBXBuildFile; fileRef = FA5D77251983F6E30078CC43 /* OGKMenuScene.cpp */; };
		FA5D77341983F6E30078CC43 /* OGKNPC.cpp in Sources */ = {isa = PBXBuildFile; fileRef = FA5D77271983F6E30078CC43 /* OGKNPC.cpp */; };
		FA5D77351983F6E30078CC43 /* OGKPlayer.cpp in Sources */ = {isa = PBXBuildFile; fileRef = FA5D77291983F6E30078CC43 /* OGKPlayer.cpp */; };
		FA5D77361983F6E30078CC43 /* OGKScene.cpp in Sources */ = {isa = PBXBuildFile; fileRef = FA5D772B1983F6E30078CC43 /* OGKScene.cpp */; };
		FA5D77371983F6E30078CC43 /* OGKSceneManager.cpp in Sources */ = {isa = PBXBuildFile; fileRef = FA5D772D1983F6E30078CC43 /* OGKSceneManager.cpp */; };
		FA5D773B198403F10078CC43 /* OISUtils.mm in Sources */ = {isa = PBXBuildFile; fileRef = FA5D773A198403F10078CC43 /* OISUtils.mm */; };
		FA5D7742198447CD0078CC43 /* Images.xcassets in Resources */ = {isa = PBXBuildFile; fileRef = FA5D7741198447CD0078CC43 /* Images.xcassets */; };
		FAB8BF2B1953626A00DA2B26 /* OGKCamera.cpp in Sources */ = {isa = PBXBuildFile; fileRef = FAB8BF271953626A00DA2B26 /* OGKCamera.cpp */; };
		FAB8BF2C1953626A00DA2B26 /* OGKInputManager.cpp in Sources */ = {isa = PBXBuildFile; fileRef = FAB8BF291953626A00DA2B26 /* OGKInputManager.cpp */; };
		FACF19EC1940EE8600F099AA /* OGKTerrain.cpp in Sources */ = {isa = PBXBuildFile; fileRef = FACF19EA1940EE8600F099AA /* OGKTerrain.cpp */; };
		FACF19F0194220A400F099AA /* OGKAudioiOS.mm in Sources */ = {isa = PBXBuildFile; fileRef = FACF19EF194220A400F099AA /* OGKAudioiOS.mm */; };
		FACF19FD1942214500F099AA /* CDAudioManager.m in Sources */ = {isa = PBXBuildFile; fileRef = FACF19F51942214500F099AA /* CDAudioManager.m */; };
		FACF19FE1942214500F099AA /* CDOpenALSupport.m in Sources */ = {isa = PBXBuildFile; fileRef = FACF19F81942214500F099AA /* CDOpenALSupport.m */; };
		FACF19FF1942214500F099AA /* CocosDenshion.m in Sources */ = {isa = PBXBuildFile; fileRef = FACF19FA1942214500F099AA /* CocosDenshion.m */; };
		FACF1A001942214500F099AA /* SimpleAudioEngine.m in Sources */ = {isa = PBXBuildFile; fileRef = FACF19FC1942214500F099AA /* SimpleAudioEngine.m */; };
		FACF1A021942219300F099AA /* AudioToolbox.framework in Frameworks */ = {isa = PBXBuildFile; fileRef = FACF1A011942219300F099AA /* AudioToolbox.framework */; };
		FACF1A041942219900F099AA /* OpenAL.framework in Frameworks */ = {isa = PBXBuildFile; fileRef = FACF1A031942219900F099AA /* OpenAL.framework */; };
		FACF1A061942220300F099AA /* AVFoundation.framework in Frameworks */ = {isa = PBXBuildFile; fileRef = FACF1A051942220300F099AA /* AVFoundation.framework */; };
		FACF1A291942574300F099AA /* OGKTerrainMaterial.cpp in Sources */ = {isa = PBXBuildFile; fileRef = FACF1A271942574300F099AA /* OGKTerrainMaterial.cpp */; };
		FAF726A1192C38E900CBCD29 /* CoreGraphics.framework in Frameworks */ = {isa = PBXBuildFile; fileRef = FAF726A0192C38E900CBCD29 /* CoreGraphics.framework */; };
		FAF726A3192C38E900CBCD29 /* Foundation.framework in Frameworks */ = {isa = PBXBuildFile; fileRef = FAF726A2192C38E900CBCD29 /* Foundation.framework */; };
		FAF726A5192C38E900CBCD29 /* OpenGLES.framework in Frameworks */ = {isa = PBXBuildFile; fileRef = FAF726A4192C38E900CBCD29 /* OpenGLES.framework */; };
		FAF726A7192C38E900CBCD29 /* QuartzCore.framework in Frameworks */ = {isa = PBXBuildFile; fileRef = FAF726A6192C38E900CBCD29 /* QuartzCore.framework */; };
		FAF726A9192C38E900CBCD29 /* UIKit.framework in Frameworks */ = {isa = PBXBuildFile; fileRef = FAF726A8192C38E900CBCD29 /* UIKit.framework */; };
		FAF726B0192C38E900CBCD29 /* InfoPlist.strings in Resources */ = {isa = PBXBuildFile; fileRef = FAF726AE192C38E900CBCD29 /* InfoPlist.strings */; };
		FAF726B2192C38E900CBCD29 /* main.mm in Sources */ = {isa = PBXBuildFile; fileRef = FAF726B1192C38E900CBCD29 /* main.mm */; };
		FAF72710192C3BBD00CBCD29 /* OGKAppDelgate.mm in Sources */ = {isa = PBXBuildFile; fileRef = FAF7270F192C3BBD00CBCD29 /* OGKAppDelgate.mm */; };
		FAF72713192C404400CBCD29 /* OGKGame.cpp in Sources */ = {isa = PBXBuildFile; fileRef = FAF72711192C404400CBCD29 /* OGKGame.cpp */; };
/* End PBXBuildFile section */

/* Begin PBXFileReference section */
		FA5D76BF1983F6A60078CC43 /* Gorilla.cpp */ = {isa = PBXFileReference; fileEncoding = 4; lastKnownFileType = sourcecode.cpp.cpp; path = Gorilla.cpp; sourceTree = "<group>"; };
		FA5D76C01983F6A60078CC43 /* Gorilla.h */ = {isa = PBXFileReference; fileEncoding = 4; lastKnownFileType = sourcecode.c.h; path = Gorilla.h; sourceTree = "<group>"; };
		FA5D76C11983F6A60078CC43 /* Gui3D.cpp */ = {isa = PBXFileReference; fileEncoding = 4; lastKnownFileType = sourcecode.cpp.cpp; path = Gui3D.cpp; sourceTree = "<group>"; };
		FA5D76C21983F6A60078CC43 /* Gui3D.h */ = {isa = PBXFileReference; fileEncoding = 4; lastKnownFileType = sourcecode.c.h; path = Gui3D.h; sourceTree = "<group>"; };
		FA5D76C31983F6A60078CC43 /* Gui3DButton.cpp */ = {isa = PBXFileReference; fileEncoding = 4; lastKnownFileType = sourcecode.cpp.cpp; path = Gui3DButton.cpp; sourceTree = "<group>"; };
		FA5D76C41983F6A60078CC43 /* Gui3DButton.h */ = {isa = PBXFileReference; fileEncoding = 4; lastKnownFileType = sourcecode.c.h; path = Gui3DButton.h; sourceTree = "<group>"; };
		FA5D76C51983F6A60078CC43 /* Gui3DCaption.cpp */ = {isa = PBXFileReference; fileEncoding = 4; lastKnownFileType = sourcecode.cpp.cpp; path = Gui3DCaption.cpp; sourceTree = "<group>"; };
		FA5D76C61983F6A60078CC43 /* Gui3DCaption.h */ = {isa = PBXFileReference; fileEncoding = 4; lastKnownFileType = sourcecode.c.h; path = Gui3DCaption.h; sourceTree = "<group>"; };
		FA5D76C71983F6A60078CC43 /* Gui3DCheckbox.cpp */ = {isa = PBXFileReference; fileEncoding = 4; lastKnownFileType = sourcecode.cpp.cpp; path = Gui3DCheckbox.cpp; sourceTree = "<group>"; };
		FA5D76C81983F6A60078CC43 /* Gui3DCheckbox.h */ = {isa = PBXFileReference; fileEncoding = 4; lastKnownFileType = sourcecode.c.h; path = Gui3DCheckbox.h; sourceTree = "<group>"; };
		FA5D76C91983F6A60078CC43 /* Gui3DCheckboxSprite.cpp */ = {isa = PBXFileReference; fileEncoding = 4; lastKnownFileType = sourcecode.cpp.cpp; path = Gui3DCheckboxSprite.cpp; sourceTree = "<group>"; };
		FA5D76CA1983F6A60078CC43 /* Gui3DCheckboxSprite.h */ = {isa = PBXFileReference; fileEncoding = 4; lastKnownFileType = sourcecode.c.h; path = Gui3DCheckboxSprite.h; sourceTree = "<group>"; };
		FA5D76CB1983F6A60078CC43 /* Gui3DCheckboxText.cpp */ = {isa = PBXFileReference; fileEncoding = 4; lastKnownFileType = sourcecode.cpp.cpp; path = Gui3DCheckboxText.cpp; sourceTree = "<group>"; };
		FA5D76CC1983F6A60078CC43 /* Gui3DCheckboxText.h */ = {isa = PBXFileReference; fileEncoding = 4; lastKnownFileType = sourcecode.c.h; path = Gui3DCheckboxText.h; sourceTree = "<group>"; };
		FA5D76CD1983F6A60078CC43 /* Gui3DClock.cpp */ = {isa = PBXFileReference; fileEncoding = 4; lastKnownFileType = sourcecode.cpp.cpp; path = Gui3DClock.cpp; sourceTree = "<group>"; };
		FA5D76CE1983F6A60078CC43 /* Gui3DClock.h */ = {isa = PBXFileReference; fileEncoding = 4; lastKnownFileType = sourcecode.c.h; path = Gui3DClock.h; sourceTree = "<group>"; };
		FA5D76CF1983F6A60078CC43 /* Gui3DCombobox.cpp */ = {isa = PBXFileReference; fileEncoding = 4; lastKnownFileType = sourcecode.cpp.cpp; path = Gui3DCombobox.cpp; sourceTree = "<group>"; };
		FA5D76D01983F6A60078CC43 /* Gui3DCombobox.h */ = {isa = PBXFileReference; fileEncoding = 4; lastKnownFileType = sourcecode.c.h; path = Gui3DCombobox.h; sourceTree = "<group>"; };
		FA5D76D11983F6A60078CC43 /* Gui3DConfig.h */ = {isa = PBXFileReference; fileEncoding = 4; lastKnownFileType = sourcecode.c.h; path = Gui3DConfig.h; sourceTree = "<group>"; };
		FA5D76D21983F6A60078CC43 /* Gui3DContainer.cpp */ = {isa = PBXFileReference; fileEncoding = 4; lastKnownFileType = sourcecode.cpp.cpp; path = Gui3DContainer.cpp; sourceTree = "<group>"; };
		FA5D76D31983F6A60078CC43 /* Gui3DContainer.h */ = {isa = PBXFileReference; fileEncoding = 4; lastKnownFileType = sourcecode.c.h; path = Gui3DContainer.h; sourceTree = "<group>"; };
		FA5D76D41983F6A60078CC43 /* Gui3DDebugPanelColors.cpp */ = {isa = PBXFileReference; fileEncoding = 4; lastKnownFileType = sourcecode.cpp.cpp; path = Gui3DDebugPanelColors.cpp; sourceTree = "<group>"; };
		FA5D76D51983F6A60078CC43 /* Gui3DDebugPanelColors.h */ = {isa = PBXFileReference; fileEncoding = 4; lastKnownFileType = sourcecode.c.h; path = Gui3DDebugPanelColors.h; sourceTree = "<group>"; };
		FA5D76D61983F6A60078CC43 /* Gui3DFunctorBase.h */ = {isa = PBXFileReference; fileEncoding = 4; lastKnownFileType = sourcecode.c.h; path = Gui3DFunctorBase.h; sourceTree = "<group>"; };
		FA5D76D71983F6A60078CC43 /* Gui3DInlineSelector.cpp */ = {isa = PBXFileReference; fileEncoding = 4; lastKnownFileType = sourcecode.cpp.cpp; path = Gui3DInlineSelector.cpp; sourceTree = "<group>"; };
		FA5D76D81983F6A60078CC43 /* Gui3DInlineSelector.h */ = {isa = PBXFileReference; fileEncoding = 4; lastKnownFileType = sourcecode.c.h; path = Gui3DInlineSelector.h; sourceTree = "<group>"; };
		FA5D76D91983F6A60078CC43 /* Gui3DListbox.cpp */ = {isa = PBXFileReference; fileEncoding = 4; lastKnownFileType = sourcecode.cpp.cpp; path = Gui3DListbox.cpp; sourceTree = "<group>"; };
		FA5D76DA1983F6A60078CC43 /* Gui3DListbox.h */ = {isa = PBXFileReference; fileEncoding = 4; lastKnownFileType = sourcecode.c.h; path = Gui3DListbox.h; sourceTree = "<group>"; };
		FA5D76DB1983F6A60078CC43 /* Gui3DMemberFunction.h */ = {isa = PBXFileReference; fileEncoding = 4; lastKnownFileType = sourcecode.c.h; path = Gui3DMemberFunction.h; sourceTree = "<group>"; };
		FA5D76DC1983F6A60078CC43 /* Gui3DMultipleElementsSelector.cpp */ = {isa = PBXFileReference; fileEncoding = 4; lastKnownFileType = sourcecode.cpp.cpp; path = Gui3DMultipleElementsSelector.cpp; sourceTree = "<group>"; };
		FA5D76DD1983F6A60078CC43 /* Gui3DMultipleElementsSelector.h */ = {isa = PBXFileReference; fileEncoding = 4; lastKnownFileType = sourcecode.c.h; path = Gui3DMultipleElementsSelector.h; sourceTree = "<group>"; };
		FA5D76DE1983F6A60078CC43 /* Gui3DPanel.cpp */ = {isa = PBXFileReference; fileEncoding = 4; lastKnownFileType = sourcecode.cpp.cpp; path = Gui3DPanel.cpp; sourceTree = "<group>"; };
		FA5D76DF1983F6A60078CC43 /* Gui3DPanel.h */ = {isa = PBXFileReference; fileEncoding = 4; lastKnownFileType = sourcecode.c.h; path = Gui3DPanel.h; sourceTree = "<group>"; };
		FA5D76E01983F6A60078CC43 /* Gui3DPanelColors.h */ = {isa = PBXFileReference; fileEncoding = 4; lastKnownFileType = sourcecode.c.h; path = Gui3DPanelColors.h; sourceTree = "<group>"; };
		FA5D76E11983F6A60078CC43 /* Gui3DPanelContainer.cpp */ = {isa = PBXFileReference; fileEncoding = 4; lastKnownFileType = sourcecode.cpp.cpp; path = Gui3DPanelContainer.cpp; sourceTree = "<group>"; };
		FA5D76E21983F6A60078CC43 /* Gui3DPanelContainer.h */ = {isa = PBXFileReference; fileEncoding = 4; lastKnownFileType = sourcecode.c.h; path = Gui3DPanelContainer.h; sourceTree = "<group>"; };
		FA5D76E31983F6A60078CC43 /* Gui3DPanelElement.cpp */ = {isa = PBXFileReference; fileEncoding = 4; lastKnownFileType = sourcecode.cpp.cpp; path = Gui3DPanelElement.cpp; sourceTree = "<group>"; };
		FA5D76E41983F6A60078CC43 /* Gui3DPanelElement.h */ = {isa = PBXFileReference; fileEncoding = 4; lastKnownFileType = sourcecode.c.h; path = Gui3DPanelElement.h; sourceTree = "<group>"; };
		FA5D76E51983F6A60078CC43 /* Gui3DPanelElementCallback.h */ = {isa = PBXFileReference; fileEncoding = 4; lastKnownFileType = sourcecode.c.h; path = Gui3DPanelElementCallback.h; sourceTree = "<group>"; };
		FA5D76E61983F6A60078CC43 /* Gui3DProgressBar.cpp */ = {isa = PBXFileReference; fileEncoding = 4; lastKnownFileType = sourcecode.cpp.cpp; path = Gui3DProgressBar.cpp; sourceTree = "<group>"; };
		FA5D76E71983F6A60078CC43 /* Gui3DProgressBar.h */ = {isa = PBXFileReference; fileEncoding = 4; lastKnownFileType = sourcecode.c.h; path = Gui3DProgressBar.h; sourceTree = "<group>"; };
		FA5D76E81983F6A60078CC43 /* Gui3DScreenPanel.cpp */ = {isa = PBXFileReference; fileEncoding = 4; lastKnownFileType = sourcecode.cpp.cpp; path = Gui3DScreenPanel.cpp; sourceTree = "<group>"; };
		FA5D76E91983F6A60078CC43 /* Gui3DScreenPanel.h */ = {isa = PBXFileReference; fileEncoding = 4; lastKnownFileType = sourcecode.c.h; path = Gui3DScreenPanel.h; sourceTree = "<group>"; };
		FA5D76EA1983F6A60078CC43 /* Gui3DScreenRenderable2DPanel.cpp */ = {isa = PBXFileReference; fileEncoding = 4; lastKnownFileType = sourcecode.cpp.cpp; path = Gui3DScreenRenderable2DPanel.cpp; sourceTree = "<group>"; };
		FA5D76EB1983F6A60078CC43 /* Gui3DScreenRenderable2DPanel.h */ = {isa = PBXFileReference; fileEncoding = 4; lastKnownFileType = sourcecode.c.h; path = Gui3DScreenRenderable2DPanel.h; sourceTree = "<group>"; };
		FA5D76EC1983F6A60078CC43 /* Gui3DScrollBar.cpp */ = {isa = PBXFileReference; fileEncoding = 4; lastKnownFileType = sourcecode.cpp.cpp; path = Gui3DScrollBar.cpp; sourceTree = "<group>"; };
		FA5D76ED1983F6A60078CC43 /* Gui3DScrollBar.h */ = {isa = PBXFileReference; fileEncoding = 4; lastKnownFileType = sourcecode.c.h; path = Gui3DScrollBar.h; sourceTree = "<group>"; };
		FA5D76EE1983F6A60078CC43 /* Gui3DStringCursorEdit.cpp */ = {isa = PBXFileReference; fileEncoding = 4; lastKnownFileType = sourcecode.cpp.cpp; path = Gui3DStringCursorEdit.cpp; sourceTree = "<group>"; };
		FA5D76EF1983F6A60078CC43 /* Gui3DStringCursorEdit.h */ = {isa = PBXFileReference; fileEncoding = 4; lastKnownFileType = sourcecode.c.h; path = Gui3DStringCursorEdit.h; sourceTree = "<group>"; };
		FA5D76F01983F6A60078CC43 /* Gui3DTextZone.cpp */ = {isa = PBXFileReference; fileEncoding = 4; lastKnownFileType = sourcecode.cpp.cpp; path = Gui3DTextZone.cpp; sourceTree = "<group>"; };
		FA5D76F11983F6A60078CC43 /* Gui3DTextZone.h */ = {isa = PBXFileReference; fileEncoding = 4; lastKnownFileType = sourcecode.c.h; path = Gui3DTextZone.h; sourceTree = "<group>"; };
		FA5D76F21983F6A60078CC43 /* Gui3DUtils.h */ = {isa = PBXFileReference; fileEncoding = 4; lastKnownFileType = sourcecode.c.h; path = Gui3DUtils.h; sourceTree = "<group>"; };
		FA5D76F31983F6A60078CC43 /* Gui3DVerticalSelector.cpp */ = {isa = PBXFileReference; fileEncoding = 4; lastKnownFileType = sourcecode.cpp.cpp; path = Gui3DVerticalSelector.cpp; sourceTree = "<group>"; };
		FA5D76F41983F6A60078CC43 /* Gui3DVerticalSelector.h */ = {isa = PBXFileReference; fileEncoding = 4; lastKnownFileType = sourcecode.c.h; path = Gui3DVerticalSelector.h; sourceTree = "<group>"; };
		FA5D76F51983F6A60078CC43 /* README.md */ = {isa = PBXFileReference; fileEncoding = 4; lastKnownFileType = text; path = README.md; sourceTree = "<group>"; };
		FA5D76F71983F6A60078CC43 /* DotSceneLoader.cpp */ = {isa = PBXFileReference; fileEncoding = 4; lastKnownFileType = sourcecode.cpp.cpp; path = DotSceneLoader.cpp; sourceTree = "<group>"; };
		FA5D76F81983F6A60078CC43 /* DotSceneLoader.h */ = {isa = PBXFileReference; fileEncoding = 4; lastKnownFileType = sourcecode.c.h; path = DotSceneLoader.h; sourceTree = "<group>"; };
		FA5D76FA1983F6A60078CC43 /* license.txt */ = {isa = PBXFileReference; fileEncoding = 4; lastKnownFileType = text; path = license.txt; sourceTree = "<group>"; };
		FA5D76FB1983F6A60078CC43 /* manual.html */ = {isa = PBXFileReference; fileEncoding = 4; lastKnownFileType = text.html; path = manual.html; sourceTree = "<group>"; };
		FA5D76FC1983F6A60078CC43 /* rapidxml.hpp */ = {isa = PBXFileReference; fileEncoding = 4; lastKnownFileType = sourcecode.cpp.h; path = rapidxml.hpp; sourceTree = "<group>"; };
		FA5D76FD1983F6A60078CC43 /* rapidxml_iterators.hpp */ = {isa = PBXFileReference; fileEncoding = 4; lastKnownFileType = sourcecode.cpp.h; path = rapidxml_iterators.hpp; sourceTree = "<group>"; };
		FA5D76FE1983F6A60078CC43 /* rapidxml_print.hpp */ = {isa = PBXFileReference; fileEncoding = 4; lastKnownFileType = sourcecode.cpp.h; path = rapidxml_print.hpp; sourceTree = "<group>"; };
		FA5D76FF1983F6A60078CC43 /* rapidxml_utils.hpp */ = {isa = PBXFileReference; fileEncoding = 4; lastKnownFileType = sourcecode.cpp.h; path = rapidxml_utils.hpp; sourceTree = "<group>"; };
		FA5D771C1983F6E30078CC43 /* OGKBadge.cpp */ = {isa = PBXFileReference; fileEncoding = 4; lastKnownFileType = sourcecode.cpp.cpp; name = OGKBadge.cpp; path = ../../common/OGKBadge.cpp; sourceTree = "<group>"; };
		FA5D771D1983F6E30078CC43 /* OGKBadge.h */ = {isa = PBXFileReference; fileEncoding = 4; lastKnownFileType = sourcecode.c.h; name = OGKBadge.h; path = ../../common/OGKBadge.h; sourceTree = "<group>"; };
		FA5D771E1983F6E30078CC43 /* OGKConsole.cpp */ = {isa = PBXFileReference; fileEncoding = 4; lastKnownFileType = sourcecode.cpp.cpp; name = OGKConsole.cpp; path = ../../common/OGKConsole.cpp; sourceTree = "<group>"; };
		FA5D771F1983F6E30078CC43 /* OGKConsole.h */ = {isa = PBXFileReference; fileEncoding = 4; lastKnownFileType = sourcecode.c.h; name = OGKConsole.h; path = ../../common/OGKConsole.h; sourceTree = "<group>"; };
		FA5D77201983F6E30078CC43 /* OGKCutScene.cpp */ = {isa = PBXFileReference; fileEncoding = 4; lastKnownFileType = sourcecode.cpp.cpp; name = OGKCutScene.cpp; path = ../../common/OGKCutScene.cpp; sourceTree = "<group>"; };
		FA5D77211983F6E30078CC43 /* OGKCutScene.h */ = {isa = PBXFileReference; fileEncoding = 4; lastKnownFileType = sourcecode.c.h; name = OGKCutScene.h; path = ../../common/OGKCutScene.h; sourceTree = "<group>"; };
		FA5D77221983F6E30078CC43 /* OGKGUIThemes.h */ = {isa = PBXFileReference; fileEncoding = 4; lastKnownFileType = sourcecode.c.h; name = OGKGUIThemes.h; path = ../../common/OGKGUIThemes.h; sourceTree = "<group>"; };
		FA5D77231983F6E30078CC43 /* OGKInGameScene.cpp */ = {isa = PBXFileReference; fileEncoding = 4; lastKnownFileType = sourcecode.cpp.cpp; name = OGKInGameScene.cpp; path = ../../common/OGKInGameScene.cpp; sourceTree = "<group>"; };
		FA5D77241983F6E30078CC43 /* OGKInGameScene.h */ = {isa = PBXFileReference; fileEncoding = 4; lastKnownFileType = sourcecode.c.h; name = OGKInGameScene.h; path = ../../common/OGKInGameScene.h; sourceTree = "<group>"; };
		FA5D77251983F6E30078CC43 /* OGKMenuScene.cpp */ = {isa = PBXFileReference; fileEncoding = 4; lastKnownFileType = sourcecode.cpp.cpp; name = OGKMenuScene.cpp; path = ../../common/OGKMenuScene.cpp; sourceTree = "<group>"; };
		FA5D77261983F6E30078CC43 /* OGKMenuScene.h */ = {isa = PBXFileReference; fileEncoding = 4; lastKnownFileType = sourcecode.c.h; name = OGKMenuScene.h; path = ../../common/OGKMenuScene.h; sourceTree = "<group>"; };
		FA5D77271983F6E30078CC43 /* OGKNPC.cpp */ = {isa = PBXFileReference; fileEncoding = 4; lastKnownFileType = sourcecode.cpp.cpp; name = OGKNPC.cpp; path = ../../common/OGKNPC.cpp; sourceTree = "<group>"; };
		FA5D77281983F6E30078CC43 /* OGKNPC.h */ = {isa = PBXFileReference; fileEncoding = 4; lastKnownFileType = sourcecode.c.h; name = OGKNPC.h; path = ../../common/OGKNPC.h; sourceTree = "<group>"; };
		FA5D77291983F6E30078CC43 /* OGKPlayer.cpp */ = {isa = PBXFileReference; fileEncoding = 4; lastKnownFileType = sourcecode.cpp.cpp; name = OGKPlayer.cpp; path = ../../common/OGKPlayer.cpp; sourceTree = "<group>"; };
		FA5D772A1983F6E30078CC43 /* OGKPlayer.h */ = {isa = PBXFileReference; fileEncoding = 4; lastKnownFileType = sourcecode.c.h; name = OGKPlayer.h; path = ../../common/OGKPlayer.h; sourceTree = "<group>"; };
		FA5D772B1983F6E30078CC43 /* OGKScene.cpp */ = {isa = PBXFileReference; fileEncoding = 4; lastKnownFileType = sourcecode.cpp.cpp; name = OGKScene.cpp; path = ../../common/OGKScene.cpp; sourceTree = "<group>"; };
		FA5D772C1983F6E30078CC43 /* OGKScene.h */ = {isa = PBXFileReference; fileEncoding = 4; lastKnownFileType = sourcecode.c.h; name = OGKScene.h; path = ../../common/OGKScene.h; sourceTree = "<group>"; };
		FA5D772D1983F6E30078CC43 /* OGKSceneManager.cpp */ = {isa = PBXFileReference; fileEncoding = 4; lastKnownFileType = sourcecode.cpp.cpp; name = OGKSceneManager.cpp; path = ../../common/OGKSceneManager.cpp; sourceTree = "<group>"; };
		FA5D772E1983F6E30078CC43 /* OGKSceneManager.h */ = {isa = PBXFileReference; fileEncoding = 4; lastKnownFileType = sourcecode.c.h; name = OGKSceneManager.h; path = ../../common/OGKSceneManager.h; sourceTree = "<group>"; };
		FA5D77391983FECD0078CC43 /* OISUtils.h */ = {isa = PBXFileReference; fileEncoding = 4; lastKnownFileType = sourcecode.c.h; name = OISUtils.h; path = lib/input/OISUtils.h; sourceTree = "<group>"; };
		FA5D773A198403F10078CC43 /* OISUtils.mm */ = {isa = PBXFileReference; fileEncoding = 4; lastKnownFileType = sourcecode.cpp.objcpp; name = OISUtils.mm; path = lib/input/OISUtils.mm; sourceTree = "<group>"; };
		FA5D773C198440BC0078CC43 /* ogre-480.cfg */ = {isa = PBXFileReference; lastKnownFileType = text; name = "ogre-480.cfg"; path = "resources/ogre-480.cfg"; sourceTree = "<group>"; };
		FA5D773D198440BC0078CC43 /* ogre-768.cfg */ = {isa = PBXFileReference; lastKnownFileType = text; name = "ogre-768.cfg"; path = "resources/ogre-768.cfg"; sourceTree = "<group>"; };
		FA5D773E198440BC0078CC43 /* ogre-960.cfg */ = {isa = PBXFileReference; lastKnownFileType = text; name = "ogre-960.cfg"; path = "resources/ogre-960.cfg"; sourceTree = "<group>"; };
		FA5D773F198440BC0078CC43 /* ogre-1136.cfg */ = {isa = PBXFileReference; lastKnownFileType = text; name = "ogre-1136.cfg"; path = "resources/ogre-1136.cfg"; sourceTree = "<group>"; };
		FA5D7740198440BC0078CC43 /* ogre-1536.cfg */ = {isa = PBXFileReference; lastKnownFileType = text; name = "ogre-1536.cfg"; path = "resources/ogre-1536.cfg"; sourceTree = "<group>"; };
		FA5D7741198447CD0078CC43 /* Images.xcassets */ = {isa = PBXFileReference; lastKnownFileType = folder.assetcatalog; path = Images.xcassets; sourceTree = "<group>"; };
		FA77699B193E2F45005F4810 /* OGKStaticPluginLoader.h */ = {isa = PBXFileReference; fileEncoding = 4; lastKnownFileType = sourcecode.c.h; name = OGKStaticPluginLoader.h; path = ../../common/OGKStaticPluginLoader.h; sourceTree = "<group>"; };
		FA86325C193AA09300B29028 /* OGKShaderGeneratorListener.h */ = {isa = PBXFileReference; fileEncoding = 4; lastKnownFileType = sourcecode.c.h; name = OGKShaderGeneratorListener.h; path = ../../common/OGKShaderGeneratorListener.h; sourceTree = "<group>"; };
		FA86325D193AA71C00B29028 /* ogre.cfg */ = {isa = PBXFileReference; lastKnownFileType = text; name = ogre.cfg; path = resources/ogre.cfg; sourceTree = "<group>"; };
		FA86325E193AA71C00B29028 /* plugins.cfg */ = {isa = PBXFileReference; lastKnownFileType = text; name = plugins.cfg; path = resources/plugins.cfg; sourceTree = "<group>"; };
		FA86325F193AA71C00B29028 /* resources.cfg */ = {isa = PBXFileReference; lastKnownFileType = text; name = resources.cfg; path = resources/resources.cfg; sourceTree = "<group>"; };
		FAB8BF271953626A00DA2B26 /* OGKCamera.cpp */ = {isa = PBXFileReference; fileEncoding = 4; lastKnownFileType = sourcecode.cpp.cpp; name = OGKCamera.cpp; path = ../../common/OGKCamera.cpp; sourceTree = "<group>"; };
		FAB8BF281953626A00DA2B26 /* OGKCamera.h */ = {isa = PBXFileReference; fileEncoding = 4; lastKnownFileType = sourcecode.c.h; name = OGKCamera.h; path = ../../common/OGKCamera.h; sourceTree = "<group>"; };
		FAB8BF291953626A00DA2B26 /* OGKInputManager.cpp */ = {isa = PBXFileReference; fileEncoding = 4; lastKnownFileType = sourcecode.cpp.cpp; name = OGKInputManager.cpp; path = ../../common/OGKInputManager.cpp; sourceTree = "<group>"; };
		FAB8BF2A1953626A00DA2B26 /* OGKInputManager.h */ = {isa = PBXFileReference; fileEncoding = 4; lastKnownFileType = sourcecode.c.h; name = OGKInputManager.h; path = ../../common/OGKInputManager.h; sourceTree = "<group>"; };
		FACF19E91940EE8600F099AA /* OGKShaderGenerator.h */ = {isa = PBXFileReference; fileEncoding = 4; lastKnownFileType = sourcecode.c.h; name = OGKShaderGenerator.h; path = ../../common/OGKShaderGenerator.h; sourceTree = "<group>"; };
		FACF19EA1940EE8600F099AA /* OGKTerrain.cpp */ = {isa = PBXFileReference; fileEncoding = 4; lastKnownFileType = sourcecode.cpp.cpp; name = OGKTerrain.cpp; path = ../../common/OGKTerrain.cpp; sourceTree = "<group>"; };
		FACF19EB1940EE8600F099AA /* OGKTerrain.h */ = {isa = PBXFileReference; fileEncoding = 4; lastKnownFileType = sourcecode.c.h; name = OGKTerrain.h; path = ../../common/OGKTerrain.h; sourceTree = "<group>"; };
		FACF19ED1942202100F099AA /* OGKAudio.h */ = {isa = PBXFileReference; fileEncoding = 4; lastKnownFileType = sourcecode.c.h; name = OGKAudio.h; path = ../../common/OGKAudio.h; sourceTree = "<group>"; };
		FACF19EE194220A400F099AA /* OGKAudioiOS.h */ = {isa = PBXFileReference; fileEncoding = 4; lastKnownFileType = sourcecode.c.h; path = OGKAudioiOS.h; sourceTree = "<group>"; };
		FACF19EF194220A400F099AA /* OGKAudioiOS.mm */ = {isa = PBXFileReference; fileEncoding = 4; lastKnownFileType = sourcecode.cpp.objcpp; path = OGKAudioiOS.mm; sourceTree = "<group>"; };
		FACF19F41942214500F099AA /* CDAudioManager.h */ = {isa = PBXFileReference; fileEncoding = 4; lastKnownFileType = sourcecode.c.h; path = CDAudioManager.h; sourceTree = "<group>"; };
		FACF19F51942214500F099AA /* CDAudioManager.m */ = {isa = PBXFileReference; fileEncoding = 4; lastKnownFileType = sourcecode.c.objc; path = CDAudioManager.m; sourceTree = "<group>"; };
		FACF19F61942214500F099AA /* CDConfig.h */ = {isa = PBXFileReference; fileEncoding = 4; lastKnownFileType = sourcecode.c.h; path = CDConfig.h; sourceTree = "<group>"; };
		FACF19F71942214500F099AA /* CDOpenALSupport.h */ = {isa = PBXFileReference; fileEncoding = 4; lastKnownFileType = sourcecode.c.h; path = CDOpenALSupport.h; sourceTree = "<group>"; };
		FACF19F81942214500F099AA /* CDOpenALSupport.m */ = {isa = PBXFileReference; fileEncoding = 4; lastKnownFileType = sourcecode.c.objc; path = CDOpenALSupport.m; sourceTree = "<group>"; };
		FACF19F91942214500F099AA /* CocosDenshion.h */ = {isa = PBXFileReference; fileEncoding = 4; lastKnownFileType = sourcecode.c.h; path = CocosDenshion.h; sourceTree = "<group>"; };
		FACF19FA1942214500F099AA /* CocosDenshion.m */ = {isa = PBXFileReference; fileEncoding = 4; lastKnownFileType = sourcecode.c.objc; path = CocosDenshion.m; sourceTree = "<group>"; };
		FACF19FB1942214500F099AA /* SimpleAudioEngine.h */ = {isa = PBXFileReference; fileEncoding = 4; lastKnownFileType = sourcecode.c.h; path = SimpleAudioEngine.h; sourceTree = "<group>"; };
		FACF19FC1942214500F099AA /* SimpleAudioEngine.m */ = {isa = PBXFileReference; fileEncoding = 4; lastKnownFileType = sourcecode.c.objc; path = SimpleAudioEngine.m; sourceTree = "<group>"; };
		FACF1A011942219300F099AA /* AudioToolbox.framework */ = {isa = PBXFileReference; lastKnownFileType = wrapper.framework; name = AudioToolbox.framework; path = System/Library/Frameworks/AudioToolbox.framework; sourceTree = SDKROOT; };
		FACF1A031942219900F099AA /* OpenAL.framework */ = {isa = PBXFileReference; lastKnownFileType = wrapper.framework; name = OpenAL.framework; path = System/Library/Frameworks/OpenAL.framework; sourceTree = SDKROOT; };
		FACF1A051942220300F099AA /* AVFoundation.framework */ = {isa = PBXFileReference; lastKnownFileType = wrapper.framework; name = AVFoundation.framework; path = System/Library/Frameworks/AVFoundation.framework; sourceTree = SDKROOT; };
		FACF1A271942574300F099AA /* OGKTerrainMaterial.cpp */ = {isa = PBXFileReference; fileEncoding = 4; lastKnownFileType = sourcecode.cpp.cpp; name = OGKTerrainMaterial.cpp; path = ../../common/OGKTerrainMaterial.cpp; sourceTree = "<group>"; };
		FACF1A281942574300F099AA /* OGKTerrainMaterial.h */ = {isa = PBXFileReference; fileEncoding = 4; lastKnownFileType = sourcecode.c.h; name = OGKTerrainMaterial.h; path = ../../common/OGKTerrainMaterial.h; sourceTree = "<group>"; };
		FACF1AA61942646E00F099AA /* background.mp3 */ = {isa = PBXFileReference; lastKnownFileType = audio.mp3; path = background.mp3; sourceTree = "<group>"; };
		FACF1AA71942646E00F099AA /* README.md */ = {isa = PBXFileReference; lastKnownFileType = text; path = README.md; sourceTree = "<group>"; };
		FACF1AAA1942646E00F099AA /* TerrainFP.cg */ = {isa = PBXFileReference; lastKnownFileType = text; path = TerrainFP.cg; sourceTree = "<group>"; };
		FACF1AAB1942646E00F099AA /* TerrainShader.program */ = {isa = PBXFileReference; lastKnownFileType = text; path = TerrainShader.program; sourceTree = "<group>"; };
		FACF1AAC1942646E00F099AA /* TerrainVP.cg */ = {isa = PBXFileReference; lastKnownFileType = text; path = TerrainVP.cg; sourceTree = "<group>"; };
		FACF1AAE1942646E00F099AA /* Debug.material */ = {isa = PBXFileReference; lastKnownFileType = text; path = Debug.material; sourceTree = "<group>"; };
		FACF1AAF1942646E00F099AA /* OgreGameKit.material */ = {isa = PBXFileReference; lastKnownFileType = text; path = OgreGameKit.material; sourceTree = "<group>"; };
		FACF1AB01942646E00F099AA /* Terrain.material */ = {isa = PBXFileReference; lastKnownFileType = text; path = Terrain.material; sourceTree = "<group>"; };
		FACF1AB21942646E00F099AA /* artifexterra3d_colourmap.png */ = {isa = PBXFileReference; lastKnownFileType = image.png; path = artifexterra3d_colourmap.png; sourceTree = "<group>"; };
		FACF1AB31942646E00F099AA /* dirt_grayrocky_diffusespecular.dds */ = {isa = PBXFileReference; lastKnownFileType = file; path = dirt_grayrocky_diffusespecular.dds; sourceTree = "<group>"; };
		FACF1AB41942646E00F099AA /* dirt_grayrocky_normalheight.dds */ = {isa = PBXFileReference; lastKnownFileType = file; path = dirt_grayrocky_normalheight.dds; sourceTree = "<group>"; };
		FACF1AB51942646E00F099AA /* ETcoverage.0.png */ = {isa = PBXFileReference; lastKnownFileType = image.png; path = ETcoverage.0.png; sourceTree = "<group>"; };
		FACF1AB61942646E00F099AA /* ETcoverage.1.png */ = {isa = PBXFileReference; lastKnownFileType = image.png; path = ETcoverage.1.png; sourceTree = "<group>"; };
		FACF1AB71942646E00F099AA /* ETcoverage.2.png */ = {isa = PBXFileReference; lastKnownFileType = image.png; path = ETcoverage.2.png; sourceTree = "<group>"; };
		FACF1AB81942646E00F099AA /* ETlightmap.png */ = {isa = PBXFileReference; lastKnownFileType = image.png; path = ETlightmap.png; sourceTree = "<group>"; };
		FACF1AB91942646E00F099AA /* ETterrain.png */ = {isa = PBXFileReference; lastKnownFileType = image.png; path = ETterrain.png; sourceTree = "<group>"; };
		FACF1ABA1942646E00F099AA /* grass_green-01_diffusespecular.dds */ = {isa = PBXFileReference; lastKnownFileType = file; path = "grass_green-01_diffusespecular.dds"; sourceTree = "<group>"; };
		FACF1ABB1942646E00F099AA /* grass_green-01_normalheight.dds */ = {isa = PBXFileReference; lastKnownFileType = file; path = "grass_green-01_normalheight.dds"; sourceTree = "<group>"; };
		FACF1ABC1942646E00F099AA /* growth_weirdfungus-03_diffusespecular.dds */ = {isa = PBXFileReference; lastKnownFileType = file; path = "growth_weirdfungus-03_diffusespecular.dds"; sourceTree = "<group>"; };
		FACF1ABD1942646E00F099AA /* growth_weirdfungus-03_normalheight.dds */ = {isa = PBXFileReference; lastKnownFileType = file; path = "growth_weirdfungus-03_normalheight.dds"; sourceTree = "<group>"; };
		FACF1ABE1942646E00F099AA /* height.png */ = {isa = PBXFileReference; lastKnownFileType = image.png; path = height.png; sourceTree = "<group>"; };
		FACF1ABF1942646E00F099AA /* splatting0.png */ = {isa = PBXFileReference; lastKnownFileType = image.png; path = splatting0.png; sourceTree = "<group>"; };
		FACF1AC01942646E00F099AA /* splatting1.png */ = {isa = PBXFileReference; lastKnownFileType = image.png; path = splatting1.png; sourceTree = "<group>"; };
		FACF1AC11942646E00F099AA /* splatting2.png */ = {isa = PBXFileReference; lastKnownFileType = image.png; path = splatting2.png; sourceTree = "<group>"; };
		FACF1AC21942646E00F099AA /* splatting3.png */ = {isa = PBXFileReference; lastKnownFileType = image.png; path = splatting3.png; sourceTree = "<group>"; };
		FACF1AC31942646E00F099AA /* splatting4.png */ = {isa = PBXFileReference; lastKnownFileType = image.png; path = splatting4.png; sourceTree = "<group>"; };
		FACF1AC41942646E00F099AA /* splatting5.png */ = {isa = PBXFileReference; lastKnownFileType = image.png; path = splatting5.png; sourceTree = "<group>"; };
		FACF1AC51942646E00F099AA /* splatting6.png */ = {isa = PBXFileReference; lastKnownFileType = image.png; path = splatting6.png; sourceTree = "<group>"; };
		FACF1AC61942646E00F099AA /* splatting7.png */ = {isa = PBXFileReference; lastKnownFileType = image.png; path = splatting7.png; sourceTree = "<group>"; };
		FACF1AC71942646E00F099AA /* splatting8.png */ = {isa = PBXFileReference; lastKnownFileType = image.png; path = splatting8.png; sourceTree = "<group>"; };
		FACF1AC81942646E00F099AA /* terrain.png */ = {isa = PBXFileReference; lastKnownFileType = image.png; path = terrain.png; sourceTree = "<group>"; };
		FACF1ACC1942646E00F099AA /* ctrl_freak.ttf */ = {isa = PBXFileReference; lastKnownFileType = file; path = ctrl_freak.ttf; sourceTree = "<group>"; };
		FACF1ACD1942646E00F099AA /* cuckoo.ttf */ = {isa = PBXFileReference; lastKnownFileType = file; path = cuckoo.ttf; sourceTree = "<group>"; };
		FACF1ACE1942646E00F099AA /* sdk_bands.png */ = {isa = PBXFileReference; lastKnownFileType = image.png; path = sdk_bands.png; sourceTree = "<group>"; };
		FACF1ACF1942646E00F099AA /* sdk_button_down.png */ = {isa = PBXFileReference; lastKnownFileType = image.png; path = sdk_button_down.png; sourceTree = "<group>"; };
		FACF1AD01942646E00F099AA /* sdk_button_over.png */ = {isa = PBXFileReference; lastKnownFileType = image.png; path = sdk_button_over.png; sourceTree = "<group>"; };
		FACF1AD11942646E00F099AA /* sdk_button_up.png */ = {isa = PBXFileReference; lastKnownFileType = image.png; path = sdk_button_up.png; sourceTree = "<group>"; };
		FACF1AD21942646E00F099AA /* sdk_cursor.png */ = {isa = PBXFileReference; lastKnownFileType = image.png; path = sdk_cursor.png; sourceTree = "<group>"; };
		FACF1AD31942646E00F099AA /* sdk_frame.png */ = {isa = PBXFileReference; lastKnownFileType = image.png; path = sdk_frame.png; sourceTree = "<group>"; };
		FACF1AD41942646E00F099AA /* sdk_handle.png */ = {isa = PBXFileReference; lastKnownFileType = image.png; path = sdk_handle.png; sourceTree = "<group>"; };
		FACF1AD51942646E00F099AA /* sdk_label.png */ = {isa = PBXFileReference; lastKnownFileType = image.png; path = sdk_label.png; sourceTree = "<group>"; };
		FACF1AD61942646E00F099AA /* sdk_logo.png */ = {isa = PBXFileReference; lastKnownFileType = image.png; path = sdk_logo.png; sourceTree = "<group>"; };
		FACF1AD71942646E00F099AA /* sdk_mini_text_box.png */ = {isa = PBXFileReference; lastKnownFileType = image.png; path = sdk_mini_text_box.png; sourceTree = "<group>"; };
		FACF1AD81942646E00F099AA /* sdk_mini_text_box_over.png */ = {isa = PBXFileReference; lastKnownFileType = image.png; path = sdk_mini_text_box_over.png; sourceTree = "<group>"; };
		FACF1AD91942646E00F099AA /* sdk_mini_tray.png */ = {isa = PBXFileReference; lastKnownFileType = image.png; path = sdk_mini_tray.png; sourceTree = "<group>"; };
		FACF1ADA1942646E00F099AA /* sdk_pulse.png */ = {isa = PBXFileReference; lastKnownFileType = image.png; path = sdk_pulse.png; sourceTree = "<group>"; };
		FACF1ADB1942646E00F099AA /* sdk_separator.png */ = {isa = PBXFileReference; lastKnownFileType = image.png; path = sdk_separator.png; sourceTree = "<group>"; };
		FACF1ADC1942646E00F099AA /* sdk_shade.png */ = {isa = PBXFileReference; lastKnownFileType = image.png; path = sdk_shade.png; sourceTree = "<group>"; };
		FACF1ADD1942646E00F099AA /* sdk_text_box.png */ = {isa = PBXFileReference; lastKnownFileType = image.png; path = sdk_text_box.png; sourceTree = "<group>"; };
		FACF1ADE1942646E00F099AA /* sdk_track.png */ = {isa = PBXFileReference; lastKnownFileType = image.png; path = sdk_track.png; sourceTree = "<group>"; };
		FACF1ADF1942646E00F099AA /* sdk_tray.png */ = {isa = PBXFileReference; lastKnownFileType = image.png; path = sdk_tray.png; sourceTree = "<group>"; };
		FACF1AE01942646E00F099AA /* SdkTrays.fontdef */ = {isa = PBXFileReference; lastKnownFileType = text; path = SdkTrays.fontdef; sourceTree = "<group>"; };
		FACF1AE11942646E00F099AA /* SdkTrays.material */ = {isa = PBXFileReference; lastKnownFileType = text; path = SdkTrays.material; sourceTree = "<group>"; };
		FACF1AE21942646E00F099AA /* SdkTrays.overlay */ = {isa = PBXFileReference; lastKnownFileType = text; path = SdkTrays.overlay; sourceTree = "<group>"; };
		FACF1AE31942646E00F099AA /* SdkTrays.zip */ = {isa = PBXFileReference; lastKnownFileType = archive.zip; path = SdkTrays.zip; sourceTree = "<group>"; };
		FACF1AE41942646E00F099AA /* skybox.zip */ = {isa = PBXFileReference; lastKnownFileType = archive.zip; path = skybox.zip; sourceTree = "<group>"; };
		FACF1AE61942646E00F099AA /* FFPLib_Common.cg */ = {isa = PBXFileReference; lastKnownFileType = text; path = FFPLib_Common.cg; sourceTree = "<group>"; };
		FACF1AE71942646E00F099AA /* FFPLib_Common.glsl */ = {isa = PBXFileReference; lastKnownFileType = text; path = FFPLib_Common.glsl; sourceTree = "<group>"; };
		FACF1AE81942646E00F099AA /* FFPLib_Common.glsles */ = {isa = PBXFileReference; lastKnownFileType = text; path = FFPLib_Common.glsles; sourceTree = "<group>"; };
		FACF1AE91942646E00F099AA /* FFPLib_Common.hlsl */ = {isa = PBXFileReference; lastKnownFileType = text; path = FFPLib_Common.hlsl; sourceTree = "<group>"; };
		FACF1AEA1942646E00F099AA /* FFPLib_Fog.cg */ = {isa = PBXFileReference; lastKnownFileType = text; path = FFPLib_Fog.cg; sourceTree = "<group>"; };
		FACF1AEB1942646E00F099AA /* FFPLib_Fog.glsl */ = {isa = PBXFileReference; lastKnownFileType = text; path = FFPLib_Fog.glsl; sourceTree = "<group>"; };
		FACF1AEC1942646E00F099AA /* FFPLib_Fog.glsles */ = {isa = PBXFileReference; lastKnownFileType = text; path = FFPLib_Fog.glsles; sourceTree = "<group>"; };
		FACF1AED1942646E00F099AA /* FFPLib_Fog.hlsl */ = {isa = PBXFileReference; lastKnownFileType = text; path = FFPLib_Fog.hlsl; sourceTree = "<group>"; };
		FACF1AEE1942646E00F099AA /* FFPLib_Lighting.cg */ = {isa = PBXFileReference; lastKnownFileType = text; path = FFPLib_Lighting.cg; sourceTree = "<group>"; };
		FACF1AEF1942646E00F099AA /* FFPLib_Lighting.glsl */ = {isa = PBXFileReference; lastKnownFileType = text; path = FFPLib_Lighting.glsl; sourceTree = "<group>"; };
		FACF1AF01942646E00F099AA /* FFPLib_Lighting.glsles */ = {isa = PBXFileReference; lastKnownFileType = text; path = FFPLib_Lighting.glsles; sourceTree = "<group>"; };
		FACF1AF11942646E00F099AA /* FFPLib_Lighting.hlsl */ = {isa = PBXFileReference; lastKnownFileType = text; path = FFPLib_Lighting.hlsl; sourceTree = "<group>"; };
		FACF1AF21942646E00F099AA /* FFPLib_Texturing.cg */ = {isa = PBXFileReference; lastKnownFileType = text; path = FFPLib_Texturing.cg; sourceTree = "<group>"; };
		FACF1AF31942646E00F099AA /* FFPLib_Texturing.glsl */ = {isa = PBXFileReference; lastKnownFileType = text; path = FFPLib_Texturing.glsl; sourceTree = "<group>"; };
		FACF1AF41942646E00F099AA /* FFPLib_Texturing.glsles */ = {isa = PBXFileReference; lastKnownFileType = text; path = FFPLib_Texturing.glsles; sourceTree = "<group>"; };
		FACF1AF51942646E00F099AA /* FFPLib_Texturing.hlsl */ = {isa = PBXFileReference; lastKnownFileType = text; path = FFPLib_Texturing.hlsl; sourceTree = "<group>"; };
		FACF1AF61942646E00F099AA /* FFPLib_Transform.cg */ = {isa = PBXFileReference; lastKnownFileType = text; path = FFPLib_Transform.cg; sourceTree = "<group>"; };
		FACF1AF71942646E00F099AA /* FFPLib_Transform.glsl */ = {isa = PBXFileReference; lastKnownFileType = text; path = FFPLib_Transform.glsl; sourceTree = "<group>"; };
		FACF1AF81942646E00F099AA /* FFPLib_Transform.glsles */ = {isa = PBXFileReference; lastKnownFileType = text; path = FFPLib_Transform.glsles; sourceTree = "<group>"; };
		FACF1AF91942646E00F099AA /* FFPLib_Transform.hlsl */ = {isa = PBXFileReference; lastKnownFileType = text; path = FFPLib_Transform.hlsl; sourceTree = "<group>"; };
		FACF1AFB1942646E00F099AA /* HardwareSkinningShadow.cg */ = {isa = PBXFileReference; lastKnownFileType = text; path = HardwareSkinningShadow.cg; sourceTree = "<group>"; };
		FACF1AFC1942646E00F099AA /* HardwareSkinningShadow.material */ = {isa = PBXFileReference; lastKnownFileType = text; path = HardwareSkinningShadow.material; sourceTree = "<group>"; };
		FACF1AFD1942646E00F099AA /* RTShaderSystem.material */ = {isa = PBXFileReference; lastKnownFileType = text; path = RTShaderSystem.material; sourceTree = "<group>"; };
		FACF1AFE1942646E00F099AA /* SampleLib_InstancedViewports.cg */ = {isa = PBXFileReference; lastKnownFileType = text; path = SampleLib_InstancedViewports.cg; sourceTree = "<group>"; };
		FACF1AFF1942646E00F099AA /* SampleLib_InstancedViewports.glsl */ = {isa = PBXFileReference; lastKnownFileType = text; path = SampleLib_InstancedViewports.glsl; sourceTree = "<group>"; };
		FACF1B001942646E00F099AA /* SampleLib_InstancedViewports.hlsl */ = {isa = PBXFileReference; lastKnownFileType = text; path = SampleLib_InstancedViewports.hlsl; sourceTree = "<group>"; };
		FACF1B011942646E00F099AA /* SampleLib_ReflectionMap.cg */ = {isa = PBXFileReference; lastKnownFileType = text; path = SampleLib_ReflectionMap.cg; sourceTree = "<group>"; };
		FACF1B021942646E00F099AA /* SampleLib_ReflectionMap.glsl */ = {isa = PBXFileReference; lastKnownFileType = text; path = SampleLib_ReflectionMap.glsl; sourceTree = "<group>"; };
		FACF1B031942646E00F099AA /* SampleLib_ReflectionMap.glsles */ = {isa = PBXFileReference; lastKnownFileType = text; path = SampleLib_ReflectionMap.glsles; sourceTree = "<group>"; };
		FACF1B041942646E00F099AA /* SampleLib_ReflectionMap.hlsl */ = {isa = PBXFileReference; lastKnownFileType = text; path = SampleLib_ReflectionMap.hlsl; sourceTree = "<group>"; };
		FACF1B051942646E00F099AA /* SGXLib_IntegratedPSSM.cg */ = {isa = PBXFileReference; lastKnownFileType = text; path = SGXLib_IntegratedPSSM.cg; sourceTree = "<group>"; };
		FACF1B061942646E00F099AA /* SGXLib_IntegratedPSSM.glsl */ = {isa = PBXFileReference; lastKnownFileType = text; path = SGXLib_IntegratedPSSM.glsl; sourceTree = "<group>"; };
		FACF1B071942646E00F099AA /* SGXLib_IntegratedPSSM.glsles */ = {isa = PBXFileReference; lastKnownFileType = text; path = SGXLib_IntegratedPSSM.glsles; sourceTree = "<group>"; };
		FACF1B081942646E00F099AA /* SGXLib_IntegratedPSSM.hlsl */ = {isa = PBXFileReference; lastKnownFileType = text; path = SGXLib_IntegratedPSSM.hlsl; sourceTree = "<group>"; };
		FACF1B091942646E00F099AA /* SGXLib_LayeredBlending.cg */ = {isa = PBXFileReference; lastKnownFileType = text; path = SGXLib_LayeredBlending.cg; sourceTree = "<group>"; };
		FACF1B0A1942646E00F099AA /* SGXLib_LayeredBlending.glsl */ = {isa = PBXFileReference; lastKnownFileType = text; path = SGXLib_LayeredBlending.glsl; sourceTree = "<group>"; };
		FACF1B0B1942646E00F099AA /* SGXLib_LayeredBlending.glsles */ = {isa = PBXFileReference; lastKnownFileType = text; path = SGXLib_LayeredBlending.glsles; sourceTree = "<group>"; };
		FACF1B0C1942646E00F099AA /* SGXLib_LayeredBlending.hlsl */ = {isa = PBXFileReference; lastKnownFileType = text; path = SGXLib_LayeredBlending.hlsl; sourceTree = "<group>"; };
		FACF1B0D1942646E00F099AA /* SGXLib_NormalMapLighting.cg */ = {isa = PBXFileReference; lastKnownFileType = text; path = SGXLib_NormalMapLighting.cg; sourceTree = "<group>"; };
		FACF1B0E1942646E00F099AA /* SGXLib_NormalMapLighting.glsl */ = {isa = PBXFileReference; lastKnownFileType = text; path = SGXLib_NormalMapLighting.glsl; sourceTree = "<group>"; };
		FACF1B0F1942646E00F099AA /* SGXLib_NormalMapLighting.glsles */ = {isa = PBXFileReference; lastKnownFileType = text; path = SGXLib_NormalMapLighting.glsles; sourceTree = "<group>"; };
		FACF1B101942646E00F099AA /* SGXLib_NormalMapLighting.hlsl */ = {isa = PBXFileReference; lastKnownFileType = text; path = SGXLib_NormalMapLighting.hlsl; sourceTree = "<group>"; };
		FACF1B111942646E00F099AA /* SGXLib_PerPixelLighting.cg */ = {isa = PBXFileReference; lastKnownFileType = text; path = SGXLib_PerPixelLighting.cg; sourceTree = "<group>"; };
		FACF1B121942646E00F099AA /* SGXLib_PerPixelLighting.glsl */ = {isa = PBXFileReference; lastKnownFileType = text; path = SGXLib_PerPixelLighting.glsl; sourceTree = "<group>"; };
		FACF1B131942646E00F099AA /* SGXLib_PerPixelLighting.glsles */ = {isa = PBXFileReference; lastKnownFileType = text; path = SGXLib_PerPixelLighting.glsles; sourceTree = "<group>"; };
		FACF1B141942646E00F099AA /* SGXLib_PerPixelLighting.hlsl */ = {isa = PBXFileReference; lastKnownFileType = text; path = SGXLib_PerPixelLighting.hlsl; sourceTree = "<group>"; };
		FACF1B151942646E00F099AA /* SGXLib_TextureAtlas.cg */ = {isa = PBXFileReference; lastKnownFileType = text; path = SGXLib_TextureAtlas.cg; sourceTree = "<group>"; };
		FACF1B161942646E00F099AA /* SGXLib_TextureAtlas.glsl */ = {isa = PBXFileReference; lastKnownFileType = text; path = SGXLib_TextureAtlas.glsl; sourceTree = "<group>"; };
		FACF1B171942646E00F099AA /* SGXLib_TextureAtlas.glsles */ = {isa = PBXFileReference; lastKnownFileType = text; path = SGXLib_TextureAtlas.glsles; sourceTree = "<group>"; };
		FACF1B181942646E00F099AA /* SGXLib_TextureAtlas.hlsl */ = {isa = PBXFileReference; lastKnownFileType = text; path = SGXLib_TextureAtlas.hlsl; sourceTree = "<group>"; };
		FACF1B19194268AA00F099AA /* TerrainFP.glsles */ = {isa = PBXFileReference; lastKnownFileType = text; path = TerrainFP.glsles; sourceTree = "<group>"; };
		FACF1B1A194268AA00F099AA /* TerrainVP.glsles */ = {isa = PBXFileReference; lastKnownFileType = text; path = TerrainVP.glsles; sourceTree = "<group>"; };
		FACF1B1B194295A400F099AA /* TerrainFPMobile.glsles */ = {isa = PBXFileReference; lastKnownFileType = text; path = TerrainFPMobile.glsles; sourceTree = "<group>"; };
		FACF1B1C194295A400F099AA /* TerrainVPMobile.glsles */ = {isa = PBXFileReference; lastKnownFileType = text; path = TerrainVPMobile.glsles; sourceTree = "<group>"; };
		FAF7269D192C38E900CBCD29 /* OgreGameKit.app */ = {isa = PBXFileReference; explicitFileType = wrapper.application; includeInIndex = 0; path = OgreGameKit.app; sourceTree = BUILT_PRODUCTS_DIR; };
		FAF726A0192C38E900CBCD29 /* CoreGraphics.framework */ = {isa = PBXFileReference; lastKnownFileType = wrapper.framework; name = CoreGraphics.framework; path = System/Library/Frameworks/CoreGraphics.framework; sourceTree = SDKROOT; };
		FAF726A2192C38E900CBCD29 /* Foundation.framework */ = {isa = PBXFileReference; lastKnownFileType = wrapper.framework; name = Foundation.framework; path = System/Library/Frameworks/Foundation.framework; sourceTree = SDKROOT; };
		FAF726A4192C38E900CBCD29 /* OpenGLES.framework */ = {isa = PBXFileReference; lastKnownFileType = wrapper.framework; name = OpenGLES.framework; path = System/Library/Frameworks/OpenGLES.framework; sourceTree = SDKROOT; };
		FAF726A6192C38E900CBCD29 /* QuartzCore.framework */ = {isa = PBXFileReference; lastKnownFileType = wrapper.framework; name = QuartzCore.framework; path = System/Library/Frameworks/QuartzCore.framework; sourceTree = SDKROOT; };
		FAF726A8192C38E900CBCD29 /* UIKit.framework */ = {isa = PBXFileReference; lastKnownFileType = wrapper.framework; name = UIKit.framework; path = System/Library/Frameworks/UIKit.framework; sourceTree = SDKROOT; };
		FAF726AC192C38E900CBCD29 /* OgreGameKit-Prefix.pch */ = {isa = PBXFileReference; lastKnownFileType = sourcecode.c.h; path = "OgreGameKit-Prefix.pch"; sourceTree = "<group>"; };
		FAF726AD192C38E900CBCD29 /* OgreGameKit-Info.plist */ = {isa = PBXFileReference; lastKnownFileType = text.plist.xml; path = "OgreGameKit-Info.plist"; sourceTree = "<group>"; };
		FAF726AF192C38E900CBCD29 /* en */ = {isa = PBXFileReference; lastKnownFileType = text.plist.strings; name = en; path = en.lproj/InfoPlist.strings; sourceTree = "<group>"; };
		FAF726B1192C38E900CBCD29 /* main.mm */ = {isa = PBXFileReference; lastKnownFileType = sourcecode.cpp.objcpp; path = main.mm; sourceTree = "<group>"; };
		FAF726BB192C38E900CBCD29 /* OgreStaticPluginLoader.h */ = {isa = PBXFileReference; lastKnownFileType = sourcecode.c.h; path = OgreStaticPluginLoader.h; sourceTree = "<group>"; };
		FAF7270E192C3BBD00CBCD29 /* OGKAppDelgate.h */ = {isa = PBXFileReference; fileEncoding = 4; lastKnownFileType = sourcecode.c.h; path = OGKAppDelgate.h; sourceTree = "<group>"; };
		FAF7270F192C3BBD00CBCD29 /* OGKAppDelgate.mm */ = {isa = PBXFileReference; fileEncoding = 4; lastKnownFileType = sourcecode.cpp.objcpp; path = OGKAppDelgate.mm; sourceTree = "<group>"; };
		FAF72711192C404400CBCD29 /* OGKGame.cpp */ = {isa = PBXFileReference; fileEncoding = 4; lastKnownFileType = sourcecode.cpp.cpp; name = OGKGame.cpp; path = ../../common/OGKGame.cpp; sourceTree = "<group>"; };
		FAF72712192C404400CBCD29 /* OGKGame.h */ = {isa = PBXFileReference; fileEncoding = 4; lastKnownFileType = sourcecode.c.h; name = OGKGame.h; path = ../../common/OGKGame.h; sourceTree = "<group>"; };
/* End PBXFileReference section */

/* Begin PBXFrameworksBuildPhase section */
		FAF72699192C38E900CBCD29 /* Frameworks */ = {
			isa = PBXFrameworksBuildPhase;
			buildActionMask = 2147483647;
			files = (
				FAF726A7192C38E900CBCD29 /* QuartzCore.framework in Frameworks */,
				FAF726A1192C38E900CBCD29 /* CoreGraphics.framework in Frameworks */,
				FAF726A3192C38E900CBCD29 /* Foundation.framework in Frameworks */,
				FAF726A5192C38E900CBCD29 /* OpenGLES.framework in Frameworks */,
				FAF726A9192C38E900CBCD29 /* UIKit.framework in Frameworks */,
				FACF1A021942219300F099AA /* AudioToolbox.framework in Frameworks */,
				FACF1A061942220300F099AA /* AVFoundation.framework in Frameworks */,
				FACF1A041942219900F099AA /* OpenAL.framework in Frameworks */,
			);
			runOnlyForDeploymentPostprocessing = 0;
		};
/* End PBXFrameworksBuildPhase section */

/* Begin PBXGroup section */
		FA5D76BD1983F6820078CC43 /* lib */ = {
			isa = PBXGroup;
			children = (
				FA5D76BE1983F6A60078CC43 /* gui */,
				FA5D76F61983F6A60078CC43 /* scene */,
				FA5D76F91983F6A60078CC43 /* xml */,
			);
			name = lib;
			sourceTree = "<group>";
		};
		FA5D76BE1983F6A60078CC43 /* gui */ = {
			isa = PBXGroup;
			children = (
				FA5D76BF1983F6A60078CC43 /* Gorilla.cpp */,
				FA5D76C01983F6A60078CC43 /* Gorilla.h */,
				FA5D76C11983F6A60078CC43 /* Gui3D.cpp */,
				FA5D76C21983F6A60078CC43 /* Gui3D.h */,
				FA5D76C31983F6A60078CC43 /* Gui3DButton.cpp */,
				FA5D76C41983F6A60078CC43 /* Gui3DButton.h */,
				FA5D76C51983F6A60078CC43 /* Gui3DCaption.cpp */,
				FA5D76C61983F6A60078CC43 /* Gui3DCaption.h */,
				FA5D76C71983F6A60078CC43 /* Gui3DCheckbox.cpp */,
				FA5D76C81983F6A60078CC43 /* Gui3DCheckbox.h */,
				FA5D76C91983F6A60078CC43 /* Gui3DCheckboxSprite.cpp */,
				FA5D76CA1983F6A60078CC43 /* Gui3DCheckboxSprite.h */,
				FA5D76CB1983F6A60078CC43 /* Gui3DCheckboxText.cpp */,
				FA5D76CC1983F6A60078CC43 /* Gui3DCheckboxText.h */,
				FA5D76CD1983F6A60078CC43 /* Gui3DClock.cpp */,
				FA5D76CE1983F6A60078CC43 /* Gui3DClock.h */,
				FA5D76CF1983F6A60078CC43 /* Gui3DCombobox.cpp */,
				FA5D76D01983F6A60078CC43 /* Gui3DCombobox.h */,
				FA5D76D11983F6A60078CC43 /* Gui3DConfig.h */,
				FA5D76D21983F6A60078CC43 /* Gui3DContainer.cpp */,
				FA5D76D31983F6A60078CC43 /* Gui3DContainer.h */,
				FA5D76D41983F6A60078CC43 /* Gui3DDebugPanelColors.cpp */,
				FA5D76D51983F6A60078CC43 /* Gui3DDebugPanelColors.h */,
				FA5D76D61983F6A60078CC43 /* Gui3DFunctorBase.h */,
				FA5D76D71983F6A60078CC43 /* Gui3DInlineSelector.cpp */,
				FA5D76D81983F6A60078CC43 /* Gui3DInlineSelector.h */,
				FA5D76D91983F6A60078CC43 /* Gui3DListbox.cpp */,
				FA5D76DA1983F6A60078CC43 /* Gui3DListbox.h */,
				FA5D76DB1983F6A60078CC43 /* Gui3DMemberFunction.h */,
				FA5D76DC1983F6A60078CC43 /* Gui3DMultipleElementsSelector.cpp */,
				FA5D76DD1983F6A60078CC43 /* Gui3DMultipleElementsSelector.h */,
				FA5D76DE1983F6A60078CC43 /* Gui3DPanel.cpp */,
				FA5D76DF1983F6A60078CC43 /* Gui3DPanel.h */,
				FA5D76E01983F6A60078CC43 /* Gui3DPanelColors.h */,
				FA5D76E11983F6A60078CC43 /* Gui3DPanelContainer.cpp */,
				FA5D76E21983F6A60078CC43 /* Gui3DPanelContainer.h */,
				FA5D76E31983F6A60078CC43 /* Gui3DPanelElement.cpp */,
				FA5D76E41983F6A60078CC43 /* Gui3DPanelElement.h */,
				FA5D76E51983F6A60078CC43 /* Gui3DPanelElementCallback.h */,
				FA5D76E61983F6A60078CC43 /* Gui3DProgressBar.cpp */,
				FA5D76E71983F6A60078CC43 /* Gui3DProgressBar.h */,
				FA5D76E81983F6A60078CC43 /* Gui3DScreenPanel.cpp */,
				FA5D76E91983F6A60078CC43 /* Gui3DScreenPanel.h */,
				FA5D76EA1983F6A60078CC43 /* Gui3DScreenRenderable2DPanel.cpp */,
				FA5D76EB1983F6A60078CC43 /* Gui3DScreenRenderable2DPanel.h */,
				FA5D76EC1983F6A60078CC43 /* Gui3DScrollBar.cpp */,
				FA5D76ED1983F6A60078CC43 /* Gui3DScrollBar.h */,
				FA5D76EE1983F6A60078CC43 /* Gui3DStringCursorEdit.cpp */,
				FA5D76EF1983F6A60078CC43 /* Gui3DStringCursorEdit.h */,
				FA5D76F01983F6A60078CC43 /* Gui3DTextZone.cpp */,
				FA5D76F11983F6A60078CC43 /* Gui3DTextZone.h */,
				FA5D76F21983F6A60078CC43 /* Gui3DUtils.h */,
				FA5D76F31983F6A60078CC43 /* Gui3DVerticalSelector.cpp */,
				FA5D76F41983F6A60078CC43 /* Gui3DVerticalSelector.h */,
				FA5D76F51983F6A60078CC43 /* README.md */,
			);
			name = gui;
			path = ../../common/lib/gui;
			sourceTree = "<group>";
		};
		FA5D76F61983F6A60078CC43 /* scene */ = {
			isa = PBXGroup;
			children = (
				FA5D76F71983F6A60078CC43 /* DotSceneLoader.cpp */,
				FA5D76F81983F6A60078CC43 /* DotSceneLoader.h */,
			);
			name = scene;
			path = ../../common/lib/scene;
			sourceTree = "<group>";
		};
		FA5D76F91983F6A60078CC43 /* xml */ = {
			isa = PBXGroup;
			children = (
				FA5D76FA1983F6A60078CC43 /* license.txt */,
				FA5D76FB1983F6A60078CC43 /* manual.html */,
				FA5D76FC1983F6A60078CC43 /* rapidxml.hpp */,
				FA5D76FD1983F6A60078CC43 /* rapidxml_iterators.hpp */,
				FA5D76FE1983F6A60078CC43 /* rapidxml_print.hpp */,
				FA5D76FF1983F6A60078CC43 /* rapidxml_utils.hpp */,
			);
			name = xml;
			path = ../../common/lib/xml;
			sourceTree = "<group>";
		};
		FA5D77381983FEAB0078CC43 /* input */ = {
			isa = PBXGroup;
			children = (
				FA5D77391983FECD0078CC43 /* OISUtils.h */,
				FA5D773A198403F10078CC43 /* OISUtils.mm */,
			);
			name = input;
			sourceTree = "<group>";
		};
		FACF19F1194220FC00F099AA /* lib */ = {
			isa = PBXGroup;
			children = (
				FACF19F21942210A00F099AA /* audio */,
				FA5D77381983FEAB0078CC43 /* input */,
			);
			name = lib;
			sourceTree = "<group>";
		};
		FACF19F21942210A00F099AA /* audio */ = {
			isa = PBXGroup;
			children = (
				FACF19F31942214500F099AA /* CocosDenshion */,
			);
			name = audio;
			sourceTree = "<group>";
		};
		FACF19F31942214500F099AA /* CocosDenshion */ = {
			isa = PBXGroup;
			children = (
				FACF19F41942214500F099AA /* CDAudioManager.h */,
				FACF19F51942214500F099AA /* CDAudioManager.m */,
				FACF19F61942214500F099AA /* CDConfig.h */,
				FACF19F71942214500F099AA /* CDOpenALSupport.h */,
				FACF19F81942214500F099AA /* CDOpenALSupport.m */,
				FACF19F91942214500F099AA /* CocosDenshion.h */,
				FACF19FA1942214500F099AA /* CocosDenshion.m */,
				FACF19FB1942214500F099AA /* SimpleAudioEngine.h */,
				FACF19FC1942214500F099AA /* SimpleAudioEngine.m */,
			);
			name = CocosDenshion;
			path = lib/audio/CocosDenshion;
			sourceTree = "<group>";
		};
		FACF1AA41942646E00F099AA /* media */ = {
			isa = PBXGroup;
			children = (
				FACF1AA51942646E00F099AA /* audio */,
				FACF1AA81942646E00F099AA /* materials */,
				FACF1AC91942646E00F099AA /* models */,
				FACF1ACA1942646E00F099AA /* packs */,
				FACF1AE51942646E00F099AA /* RTShaderLib */,
			);
			name = media;
			path = ../../media;
			sourceTree = "<group>";
		};
		FACF1AA51942646E00F099AA /* audio */ = {
			isa = PBXGroup;
			children = (
				FACF1AA61942646E00F099AA /* background.mp3 */,
				FACF1AA71942646E00F099AA /* README.md */,
			);
			path = audio;
			sourceTree = "<group>";
		};
		FACF1AA81942646E00F099AA /* materials */ = {
			isa = PBXGroup;
			children = (
				FACF1AA91942646E00F099AA /* programs */,
				FACF1AAD1942646E00F099AA /* scripts */,
				FACF1AB11942646E00F099AA /* textures */,
			);
			path = materials;
			sourceTree = "<group>";
		};
		FACF1AA91942646E00F099AA /* programs */ = {
			isa = PBXGroup;
			children = (
				FACF1AAA1942646E00F099AA /* TerrainFP.cg */,
				FACF1B19194268AA00F099AA /* TerrainFP.glsles */,
				FACF1B1B194295A400F099AA /* TerrainFPMobile.glsles */,
				FACF1AAB1942646E00F099AA /* TerrainShader.program */,
				FACF1AAC1942646E00F099AA /* TerrainVP.cg */,
				FACF1B1A194268AA00F099AA /* TerrainVP.glsles */,
				FACF1B1C194295A400F099AA /* TerrainVPMobile.glsles */,
			);
			path = programs;
			sourceTree = "<group>";
		};
		FACF1AAD1942646E00F099AA /* scripts */ = {
			isa = PBXGroup;
			children = (
				FACF1AAE1942646E00F099AA /* Debug.material */,
				FACF1AAF1942646E00F099AA /* OgreGameKit.material */,
				FACF1AB01942646E00F099AA /* Terrain.material */,
			);
			path = scripts;
			sourceTree = "<group>";
		};
		FACF1AB11942646E00F099AA /* textures */ = {
			isa = PBXGroup;
			children = (
				FACF1AB21942646E00F099AA /* artifexterra3d_colourmap.png */,
				FACF1AB31942646E00F099AA /* dirt_grayrocky_diffusespecular.dds */,
				FACF1AB41942646E00F099AA /* dirt_grayrocky_normalheight.dds */,
				FACF1AB51942646E00F099AA /* ETcoverage.0.png */,
				FACF1AB61942646E00F099AA /* ETcoverage.1.png */,
				FACF1AB71942646E00F099AA /* ETcoverage.2.png */,
				FACF1AB81942646E00F099AA /* ETlightmap.png */,
				FACF1AB91942646E00F099AA /* ETterrain.png */,
				FACF1ABA1942646E00F099AA /* grass_green-01_diffusespecular.dds */,
				FACF1ABB1942646E00F099AA /* grass_green-01_normalheight.dds */,
				FACF1ABC1942646E00F099AA /* growth_weirdfungus-03_diffusespecular.dds */,
				FACF1ABD1942646E00F099AA /* growth_weirdfungus-03_normalheight.dds */,
				FACF1ABE1942646E00F099AA /* height.png */,
				FACF1ABF1942646E00F099AA /* splatting0.png */,
				FACF1AC01942646E00F099AA /* splatting1.png */,
				FACF1AC11942646E00F099AA /* splatting2.png */,
				FACF1AC21942646E00F099AA /* splatting3.png */,
				FACF1AC31942646E00F099AA /* splatting4.png */,
				FACF1AC41942646E00F099AA /* splatting5.png */,
				FACF1AC51942646E00F099AA /* splatting6.png */,
				FACF1AC61942646E00F099AA /* splatting7.png */,
				FACF1AC71942646E00F099AA /* splatting8.png */,
				FACF1AC81942646E00F099AA /* terrain.png */,
			);
			path = textures;
			sourceTree = "<group>";
		};
		FACF1AC91942646E00F099AA /* models */ = {
			isa = PBXGroup;
			children = (
			);
			path = models;
			sourceTree = "<group>";
		};
		FACF1ACA1942646E00F099AA /* packs */ = {
			isa = PBXGroup;
			children = (
				FACF1ACB1942646E00F099AA /* SdkTrays */,
				FACF1AE31942646E00F099AA /* SdkTrays.zip */,
				FACF1AE41942646E00F099AA /* skybox.zip */,
			);
			path = packs;
			sourceTree = "<group>";
		};
		FACF1ACB1942646E00F099AA /* SdkTrays */ = {
			isa = PBXGroup;
			children = (
				FACF1ACC1942646E00F099AA /* ctrl_freak.ttf */,
				FACF1ACD1942646E00F099AA /* cuckoo.ttf */,
				FACF1ACE1942646E00F099AA /* sdk_bands.png */,
				FACF1ACF1942646E00F099AA /* sdk_button_down.png */,
				FACF1AD01942646E00F099AA /* sdk_button_over.png */,
				FACF1AD11942646E00F099AA /* sdk_button_up.png */,
				FACF1AD21942646E00F099AA /* sdk_cursor.png */,
				FACF1AD31942646E00F099AA /* sdk_frame.png */,
				FACF1AD41942646E00F099AA /* sdk_handle.png */,
				FACF1AD51942646E00F099AA /* sdk_label.png */,
				FACF1AD61942646E00F099AA /* sdk_logo.png */,
				FACF1AD71942646E00F099AA /* sdk_mini_text_box.png */,
				FACF1AD81942646E00F099AA /* sdk_mini_text_box_over.png */,
				FACF1AD91942646E00F099AA /* sdk_mini_tray.png */,
				FACF1ADA1942646E00F099AA /* sdk_pulse.png */,
				FACF1ADB1942646E00F099AA /* sdk_separator.png */,
				FACF1ADC1942646E00F099AA /* sdk_shade.png */,
				FACF1ADD1942646E00F099AA /* sdk_text_box.png */,
				FACF1ADE1942646E00F099AA /* sdk_track.png */,
				FACF1ADF1942646E00F099AA /* sdk_tray.png */,
				FACF1AE01942646E00F099AA /* SdkTrays.fontdef */,
				FACF1AE11942646E00F099AA /* SdkTrays.material */,
				FACF1AE21942646E00F099AA /* SdkTrays.overlay */,
			);
			path = SdkTrays;
			sourceTree = "<group>";
		};
		FACF1AE51942646E00F099AA /* RTShaderLib */ = {
			isa = PBXGroup;
			children = (
				FACF1AE61942646E00F099AA /* FFPLib_Common.cg */,
				FACF1AE71942646E00F099AA /* FFPLib_Common.glsl */,
				FACF1AE81942646E00F099AA /* FFPLib_Common.glsles */,
				FACF1AE91942646E00F099AA /* FFPLib_Common.hlsl */,
				FACF1AEA1942646E00F099AA /* FFPLib_Fog.cg */,
				FACF1AEB1942646E00F099AA /* FFPLib_Fog.glsl */,
				FACF1AEC1942646E00F099AA /* FFPLib_Fog.glsles */,
				FACF1AED1942646E00F099AA /* FFPLib_Fog.hlsl */,
				FACF1AEE1942646E00F099AA /* FFPLib_Lighting.cg */,
				FACF1AEF1942646E00F099AA /* FFPLib_Lighting.glsl */,
				FACF1AF01942646E00F099AA /* FFPLib_Lighting.glsles */,
				FACF1AF11942646E00F099AA /* FFPLib_Lighting.hlsl */,
				FACF1AF21942646E00F099AA /* FFPLib_Texturing.cg */,
				FACF1AF31942646E00F099AA /* FFPLib_Texturing.glsl */,
				FACF1AF41942646E00F099AA /* FFPLib_Texturing.glsles */,
				FACF1AF51942646E00F099AA /* FFPLib_Texturing.hlsl */,
				FACF1AF61942646E00F099AA /* FFPLib_Transform.cg */,
				FACF1AF71942646E00F099AA /* FFPLib_Transform.glsl */,
				FACF1AF81942646E00F099AA /* FFPLib_Transform.glsles */,
				FACF1AF91942646E00F099AA /* FFPLib_Transform.hlsl */,
				FACF1AFA1942646E00F099AA /* materials */,
				FACF1AFE1942646E00F099AA /* SampleLib_InstancedViewports.cg */,
				FACF1AFF1942646E00F099AA /* SampleLib_InstancedViewports.glsl */,
				FACF1B001942646E00F099AA /* SampleLib_InstancedViewports.hlsl */,
				FACF1B011942646E00F099AA /* SampleLib_ReflectionMap.cg */,
				FACF1B021942646E00F099AA /* SampleLib_ReflectionMap.glsl */,
				FACF1B031942646E00F099AA /* SampleLib_ReflectionMap.glsles */,
				FACF1B041942646E00F099AA /* SampleLib_ReflectionMap.hlsl */,
				FACF1B051942646E00F099AA /* SGXLib_IntegratedPSSM.cg */,
				FACF1B061942646E00F099AA /* SGXLib_IntegratedPSSM.glsl */,
				FACF1B071942646E00F099AA /* SGXLib_IntegratedPSSM.glsles */,
				FACF1B081942646E00F099AA /* SGXLib_IntegratedPSSM.hlsl */,
				FACF1B091942646E00F099AA /* SGXLib_LayeredBlending.cg */,
				FACF1B0A1942646E00F099AA /* SGXLib_LayeredBlending.glsl */,
				FACF1B0B1942646E00F099AA /* SGXLib_LayeredBlending.glsles */,
				FACF1B0C1942646E00F099AA /* SGXLib_LayeredBlending.hlsl */,
				FACF1B0D1942646E00F099AA /* SGXLib_NormalMapLighting.cg */,
				FACF1B0E1942646E00F099AA /* SGXLib_NormalMapLighting.glsl */,
				FACF1B0F1942646E00F099AA /* SGXLib_NormalMapLighting.glsles */,
				FACF1B101942646E00F099AA /* SGXLib_NormalMapLighting.hlsl */,
				FACF1B111942646E00F099AA /* SGXLib_PerPixelLighting.cg */,
				FACF1B121942646E00F099AA /* SGXLib_PerPixelLighting.glsl */,
				FACF1B131942646E00F099AA /* SGXLib_PerPixelLighting.glsles */,
				FACF1B141942646E00F099AA /* SGXLib_PerPixelLighting.hlsl */,
				FACF1B151942646E00F099AA /* SGXLib_TextureAtlas.cg */,
				FACF1B161942646E00F099AA /* SGXLib_TextureAtlas.glsl */,
				FACF1B171942646E00F099AA /* SGXLib_TextureAtlas.glsles */,
				FACF1B181942646E00F099AA /* SGXLib_TextureAtlas.hlsl */,
			);
			path = RTShaderLib;
			sourceTree = "<group>";
		};
		FACF1AFA1942646E00F099AA /* materials */ = {
			isa = PBXGroup;
			children = (
				FACF1AFB1942646E00F099AA /* HardwareSkinningShadow.cg */,
				FACF1AFC1942646E00F099AA /* HardwareSkinningShadow.material */,
				FACF1AFD1942646E00F099AA /* RTShaderSystem.material */,
			);
			path = materials;
			sourceTree = "<group>";
		};
		FAF72693192C38E900CBCD29 = {
			isa = PBXGroup;
			children = (
				FAF726AA192C38E900CBCD29 /* OgreGameKit */,
				FAF7269F192C38E900CBCD29 /* Frameworks */,
				FAF7269E192C38E900CBCD29 /* Products */,
			);
			sourceTree = "<group>";
		};
		FAF7269E192C38E900CBCD29 /* Products */ = {
			isa = PBXGroup;
			children = (
				FAF7269D192C38E900CBCD29 /* OgreGameKit.app */,
			);
			name = Products;
			sourceTree = "<group>";
		};
		FAF7269F192C38E900CBCD29 /* Frameworks */ = {
			isa = PBXGroup;
			children = (
				FACF1A051942220300F099AA /* AVFoundation.framework */,
				FACF1A031942219900F099AA /* OpenAL.framework */,
				FACF1A011942219300F099AA /* AudioToolbox.framework */,
				FAF726A0192C38E900CBCD29 /* CoreGraphics.framework */,
				FAF726A2192C38E900CBCD29 /* Foundation.framework */,
				FAF726A4192C38E900CBCD29 /* OpenGLES.framework */,
				FAF726A6192C38E900CBCD29 /* QuartzCore.framework */,
				FAF726A8192C38E900CBCD29 /* UIKit.framework */,
			);
			name = Frameworks;
			sourceTree = "<group>";
		};
		FAF726AA192C38E900CBCD29 /* OgreGameKit */ = {
			isa = PBXGroup;
			children = (
				FAF7270D192C3AB000CBCD29 /* common */,
				FAF7270C192C3A8D00CBCD29 /* ios */,
				FAF726B1192C38E900CBCD29 /* main.mm */,
				FAF726BC192C38E900CBCD29 /* Resources */,
				FA5D7741198447CD0078CC43 /* Images.xcassets */,
				FAF726AB192C38E900CBCD29 /* Supporting Files */,
			);
			path = OgreGameKit;
			sourceTree = "<group>";
		};
		FAF726AB192C38E900CBCD29 /* Supporting Files */ = {
			isa = PBXGroup;
			children = (
				FAF726AE192C38E900CBCD29 /* InfoPlist.strings */,
				FAF726AC192C38E900CBCD29 /* OgreGameKit-Prefix.pch */,
				FAF726AD192C38E900CBCD29 /* OgreGameKit-Info.plist */,
			);
			name = "Supporting Files";
			sourceTree = "<group>";
		};
		FAF726BC192C38E900CBCD29 /* Resources */ = {
			isa = PBXGroup;
			children = (
				FACF1AA41942646E00F099AA /* media */,
				FA5D773F198440BC0078CC43 /* ogre-1136.cfg */,
				FA5D7740198440BC0078CC43 /* ogre-1536.cfg */,
				FA5D773C198440BC0078CC43 /* ogre-480.cfg */,
				FA5D773D198440BC0078CC43 /* ogre-768.cfg */,
				FA5D773E198440BC0078CC43 /* ogre-960.cfg */,
				FA86325D193AA71C00B29028 /* ogre.cfg */,
				FA86325E193AA71C00B29028 /* plugins.cfg */,
				FA86325F193AA71C00B29028 /* resources.cfg */,
			);
			name = Resources;
			sourceTree = "<group>";
		};
		FAF7270C192C3A8D00CBCD29 /* ios */ = {
			isa = PBXGroup;
			children = (
				FACF19F1194220FC00F099AA /* lib */,
				FAF7270E192C3BBD00CBCD29 /* OGKAppDelgate.h */,
				FAF7270F192C3BBD00CBCD29 /* OGKAppDelgate.mm */,
				FACF19EE194220A400F099AA /* OGKAudioiOS.h */,
				FACF19EF194220A400F099AA /* OGKAudioiOS.mm */,
				FAF726BB192C38E900CBCD29 /* OgreStaticPluginLoader.h */,
			);
			name = ios;
			sourceTree = "<group>";
		};
		FAF7270D192C3AB000CBCD29 /* common */ = {
			isa = PBXGroup;
			children = (
				FA5D76BD1983F6820078CC43 /* lib */,
				FACF19ED1942202100F099AA /* OGKAudio.h */,
				FA5D771C1983F6E30078CC43 /* OGKBadge.cpp */,
				FA5D771D1983F6E30078CC43 /* OGKBadge.h */,
				FAB8BF271953626A00DA2B26 /* OGKCamera.cpp */,
				FAB8BF281953626A00DA2B26 /* OGKCamera.h */,
				FA5D771E1983F6E30078CC43 /* OGKConsole.cpp */,
				FA5D771F1983F6E30078CC43 /* OGKConsole.h */,
				FA5D77201983F6E30078CC43 /* OGKCutScene.cpp */,
				FA5D77211983F6E30078CC43 /* OGKCutScene.h */,
				FAF72711192C404400CBCD29 /* OGKGame.cpp */,
				FAF72712192C404400CBCD29 /* OGKGame.h */,
				FA5D77221983F6E30078CC43 /* OGKGUIThemes.h */,
				FA5D77231983F6E30078CC43 /* OGKInGameScene.cpp */,
				FA5D77241983F6E30078CC43 /* OGKInGameScene.h */,
				FAB8BF291953626A00DA2B26 /* OGKInputManager.cpp */,
				FAB8BF2A1953626A00DA2B26 /* OGKInputManager.h */,
				FA5D77251983F6E30078CC43 /* OGKMenuScene.cpp */,
				FA5D77261983F6E30078CC43 /* OGKMenuScene.h */,
				FA5D77271983F6E30078CC43 /* OGKNPC.cpp */,
				FA5D77281983F6E30078CC43 /* OGKNPC.h */,
				FA5D77291983F6E30078CC43 /* OGKPlayer.cpp */,
				FA5D772A1983F6E30078CC43 /* OGKPlayer.h */,
				FA5D772B1983F6E30078CC43 /* OGKScene.cpp */,
				FA5D772C1983F6E30078CC43 /* OGKScene.h */,
				FA5D772D1983F6E30078CC43 /* OGKSceneManager.cpp */,
				FA5D772E1983F6E30078CC43 /* OGKSceneManager.h */,
				FACF19E91940EE8600F099AA /* OGKShaderGenerator.h */,
				FA86325C193AA09300B29028 /* OGKShaderGeneratorListener.h */,
				FA77699B193E2F45005F4810 /* OGKStaticPluginLoader.h */,
				FACF19EA1940EE8600F099AA /* OGKTerrain.cpp */,
				FACF19EB1940EE8600F099AA /* OGKTerrain.h */,
				FACF1A271942574300F099AA /* OGKTerrainMaterial.cpp */,
				FACF1A281942574300F099AA /* OGKTerrainMaterial.h */,
			);
			name = common;
			sourceTree = "<group>";
		};
/* End PBXGroup section */

/* Begin PBXNativeTarget section */
		FAF7269C192C38E900CBCD29 /* OgreGameKit */ = {
			isa = PBXNativeTarget;
			buildConfigurationList = FAF72709192C38E900CBCD29 /* Build configuration list for PBXNativeTarget "OgreGameKit" */;
			buildPhases = (
				FAF72698192C38E900CBCD29 /* Sources */,
				FAF72699192C38E900CBCD29 /* Frameworks */,
				FAF7269A192C38E900CBCD29 /* Resources */,
				FAF7269B192C38E900CBCD29 /* ShellScript */,
			);
			buildRules = (
			);
			dependencies = (
			);
			name = OgreGameKit;
			productName = OgreGameKit;
			productReference = FAF7269D192C38E900CBCD29 /* OgreGameKit.app */;
			productType = "com.apple.product-type.application";
		};
/* End PBXNativeTarget section */

/* Begin PBXProject section */
		FAF72694192C38E900CBCD29 /* Project object */ = {
			isa = PBXProject;
			attributes = {
				LastUpgradeCheck = 0510;
			};
			buildConfigurationList = FAF72697192C38E900CBCD29 /* Build configuration list for PBXProject "OgreGameKit" */;
			compatibilityVersion = "Xcode 3.2";
			developmentRegion = English;
			hasScannedForEncodings = 0;
			knownRegions = (
				en,
			);
			mainGroup = FAF72693192C38E900CBCD29;
			productRefGroup = FAF7269E192C38E900CBCD29 /* Products */;
			projectDirPath = "";
			projectRoot = "";
			targets = (
				FAF7269C192C38E900CBCD29 /* OgreGameKit */,
			);
		};
/* End PBXProject section */

/* Begin PBXResourcesBuildPhase section */
		FAF7269A192C38E900CBCD29 /* Resources */ = {
			isa = PBXResourcesBuildPhase;
			buildActionMask = 2147483647;
			files = (
				FA5D771B1983F6A70078CC43 /* manual.html in Resources */,
				FA5D7742198447CD0078CC43 /* Images.xcassets in Resources */,
				FA5D771A1983F6A70078CC43 /* license.txt in Resources */,
				FA5D77181983F6A70078CC43 /* README.md in Resources */,
				FAF726B0192C38E900CBCD29 /* InfoPlist.strings in Resources */,
			);
			runOnlyForDeploymentPostprocessing = 0;
		};
/* End PBXResourcesBuildPhase section */

/* Begin PBXShellScriptBuildPhase section */
		FAF7269B192C38E900CBCD29 /* ShellScript */ = {
			isa = PBXShellScriptBuildPhase;
			buildActionMask = 2147483647;
			files = (
			);
			inputPaths = (
			);
			outputPaths = (
			);
			runOnlyForDeploymentPostprocessing = 0;
			shellPath = /bin/bash;
			shellScript = "# This shell script simply copies resources into their respective locations\nditto \"$PROJECT_DIR/$PROJECT_NAME/../../media/\" \"$BUILT_PRODUCTS_DIR/OgreGameKit.app/media/\"\nditto $PROJECT_DIR/$PROJECT_NAME/resources/*.cfg \"$BUILT_PRODUCTS_DIR/OgreGameKit.app/\"\n";
		};
/* End PBXShellScriptBuildPhase section */

/* Begin PBXSourcesBuildPhase section */
		FAF72698192C38E900CBCD29 /* Sources */ = {
			isa = PBXSourcesBuildPhase;
			buildActionMask = 2147483647;
			files = (
				FA5D77361983F6E30078CC43 /* OGKScene.cpp in Sources */,
				FA5D77121983F6A70078CC43 /* Gui3DScreenPanel.cpp in Sources */,
				FA5D77331983F6E30078CC43 /* OGKMenuScene.cpp in Sources */,
				FAB8BF2C1953626A00DA2B26 /* OGKInputManager.cpp in Sources */,
				FACF19F0194220A400F099AA /* OGKAudioiOS.mm in Sources */,
				FACF1A001942214500F099AA /* SimpleAudioEngine.m in Sources */,
				FA5D77021983F6A60078CC43 /* Gui3DButton.cpp in Sources */,
				FA5D77171983F6A70078CC43 /* Gui3DVerticalSelector.cpp in Sources */,
				FACF19FF1942214500F099AA /* CocosDenshion.m in Sources */,
				FA5D773B198403F10078CC43 /* OISUtils.mm in Sources */,
				FAF726B2192C38E900CBCD29 /* main.mm in Sources */,
				FAB8BF2B1953626A00DA2B26 /* OGKCamera.cpp in Sources */,
				FACF19EC1940EE8600F099AA /* OGKTerrain.cpp in Sources */,
				FA5D77001983F6A60078CC43 /* Gorilla.cpp in Sources */,
				FA5D77111983F6A70078CC43 /* Gui3DProgressBar.cpp in Sources */,
				FA5D77191983F6A70078CC43 /* DotSceneLoader.cpp in Sources */,
				FAF72710192C3BBD00CBCD29 /* OGKAppDelgate.mm in Sources */,
				FA5D77141983F6A70078CC43 /* Gui3DScrollBar.cpp in Sources */,
				FA5D77341983F6E30078CC43 /* OGKNPC.cpp in Sources */,
				FA5D77051983F6A60078CC43 /* Gui3DCheckboxSprite.cpp in Sources */,
				FAF72713192C404400CBCD29 /* OGKGame.cpp in Sources */,
				FA5D77151983F6A70078CC43 /* Gui3DStringCursorEdit.cpp in Sources */,
				FA5D77131983F6A70078CC43 /* Gui3DScreenRenderable2DPanel.cpp in Sources */,
				FA5D770B1983F6A60078CC43 /* Gui3DInlineSelector.cpp in Sources */,
				FA5D77031983F6A60078CC43 /* Gui3DCaption.cpp in Sources */,
				FA5D77371983F6E30078CC43 /* OGKSceneManager.cpp in Sources */,
				FA5D770E1983F6A60078CC43 /* Gui3DPanel.cpp in Sources */,
				FA5D77351983F6E30078CC43 /* OGKPlayer.cpp in Sources */,
				FA5D770F1983F6A70078CC43 /* Gui3DPanelContainer.cpp in Sources */,
				FA5D77041983F6A60078CC43 /* Gui3DCheckbox.cpp in Sources */,
				FA5D77011983F6A60078CC43 /* Gui3D.cpp in Sources */,
				FA5D77071983F6A60078CC43 /* Gui3DClock.cpp in Sources */,
				FACF19FD1942214500F099AA /* CDAudioManager.m in Sources */,
				FA5D77081983F6A60078CC43 /* Gui3DCombobox.cpp in Sources */,
				FA5D77061983F6A60078CC43 /* Gui3DCheckboxText.cpp in Sources */,
				FA5D77101983F6A70078CC43 /* Gui3DPanelElement.cpp in Sources */,
				FA5D770D1983F6A60078CC43 /* Gui3DMultipleElementsSelector.cpp in Sources */,
				FA5D770A1983F6A60078CC43 /* Gui3DDebugPanelColors.cpp in Sources */,
				FACF1A291942574300F099AA /* OGKTerrainMaterial.cpp in Sources */,
				FA5D772F1983F6E30078CC43 /* OGKBadge.cpp in Sources */,
				FA5D77161983F6A70078CC43 /* Gui3DTextZone.cpp in Sources */,
				FA5D77311983F6E30078CC43 /* OGKCutScene.cpp in Sources */,
				FA5D77321983F6E30078CC43 /* OGKInGameScene.cpp in Sources */,
				FA5D77301983F6E30078CC43 /* OGKConsole.cpp in Sources */,
				FA5D77091983F6A60078CC43 /* Gui3DContainer.cpp in Sources */,
				FACF19FE1942214500F099AA /* CDOpenALSupport.m in Sources */,
				FA5D770C1983F6A60078CC43 /* Gui3DListbox.cpp in Sources */,
			);
			runOnlyForDeploymentPostprocessing = 0;
		};
/* End PBXSourcesBuildPhase section */

/* Begin PBXVariantGroup section */
		FAF726AE192C38E900CBCD29 /* InfoPlist.strings */ = {
			isa = PBXVariantGroup;
			children = (
				FAF726AF192C38E900CBCD29 /* en */,
			);
			name = InfoPlist.strings;
			sourceTree = "<group>";
		};
/* End PBXVariantGroup section */

/* Begin XCBuildConfiguration section */
		FAF72707192C38E900CBCD29 /* Debug */ = {
			isa = XCBuildConfiguration;
			buildSettings = {
				ARCHS = "$(ARCHS_STANDARD_32_BIT)";
				"CODE_SIGN_IDENTITY[sdk=iphoneos*]" = "iPhone Developer";
				COPY_PHASE_STRIP = NO;
				GCC_INLINES_ARE_PRIVATE_EXTERN = No;
				GCC_PRECOMPILE_PREFIX_HEADER = YES;
				GCC_PREFIX_HEADER = "OgreGameKit/OgreGameKit-Prefix.pch";
				GCC_SYMBOLS_PRIVATE_EXTERN = No;
				GCC_THUMB_SUPPORT = "";
				INFOPLIST_FILE = "OgreGameKit/OgreGameKit-Info.plist";
				IPHONEOS_DEPLOYMENT_TARGET = 7.1;
				LIBRARY_SEARCH_PATHS = (
					"\"$(OGRE_SDK_ROOT)/lib/Release\"",
					"\"$(OGRE_SDK_ROOT)/iOSDependencies/lib/release\"",
					"\"$(OGRE_SDK_ROOT)/iOSDependencies/lib\"",
				);
				PRODUCT_NAME = "$(TARGET_NAME)";
				SDKROOT = iphoneos;
				TARGETED_DEVICE_FAMILY = "1,2";
				VALID_ARCHS = "arm64 armv7";
				WRAPPER_EXTENSION = app;
			};
			name = Debug;
		};
		FAF72708192C38E900CBCD29 /* Release */ = {
			isa = XCBuildConfiguration;
			buildSettings = {
				ARCHS = "$(ARCHS_STANDARD_32_BIT)";
				"CODE_SIGN_IDENTITY[sdk=iphoneos*]" = "iPhone Developer";
				COPY_PHASE_STRIP = YES;
				DEBUG_INFORMATION_FORMAT = "dwarf-with-dsym";
				GCC_INLINES_ARE_PRIVATE_EXTERN = No;
				GCC_PRECOMPILE_PREFIX_HEADER = YES;
				GCC_PREFIX_HEADER = "OgreGameKit/OgreGameKit-Prefix.pch";
				GCC_SYMBOLS_PRIVATE_EXTERN = No;
				GCC_THUMB_SUPPORT = "";
				INFOPLIST_FILE = "OgreGameKit/OgreGameKit-Info.plist";
				IPHONEOS_DEPLOYMENT_TARGET = 7.1;
				LIBRARY_SEARCH_PATHS = (
					"\"$(OGRE_SDK_ROOT)/lib/Release\"",
					"\"$(OGRE_SDK_ROOT)/iOSDependencies/lib/release\"",
					"\"$(OGRE_SDK_ROOT)/iOSDependencies/lib\"",
				);
				PRODUCT_NAME = "$(TARGET_NAME)";
				SDKROOT = iphoneos;
				TARGETED_DEVICE_FAMILY = "1,2";
				VALID_ARCHS = "arm64 armv7";
				WRAPPER_EXTENSION = app;
			};
			name = Release;
		};
		FAF7270A192C38E900CBCD29 /* Debug */ = {
			isa = XCBuildConfiguration;
			buildSettings = {
				ASSETCATALOG_COMPILER_APPICON_NAME = AppIcon;
				ASSETCATALOG_COMPILER_LAUNCHIMAGE_NAME = LaunchImage;
				CLANG_CXX_LANGUAGE_STANDARD = "gnu++98";
				CLANG_CXX_LIBRARY = "libc++";
				HEADER_SEARCH_PATHS = (
					"\"$(OGRE_SDK_ROOT)/include/OGRE\"",
					"\"$(OGRE_SDK_ROOT)/include/OGRE/Overlay\"",
					"\"$(OGRE_SDK_ROOT)/include/OGRE/RenderSystems/GLES2\"",
					"\"$(OGRE_SDK_ROOT)/include/OGRE/RTShaderSystem\"",
					"\"$(OGRE_SDK_ROOT)/include/OGRE/iOS\"",
					"\"$(OGRE_SDK_ROOT)/include\"",
					"\"$(OGRE_SDK_ROOT)/include/OIS\"",
					"\"$(OGRE_SDK_ROOT)/iOSDependencies/include\"",
					"\"$(OGRE_SDK_ROOT)/include/OGRE/Plugins/PCZSceneManager\"",
					"\"$(OGRE_SDK_ROOT)/include/OGRE/Plugins/OctreeSceneManager\"",
					"\"$(OGRE_SDK_ROOT)/include/OGRE/Plugins/OctreeZone\"",
					"\"$(OGRE_SDK_ROOT)/include/OGRE/Terrain\"",
				);
				OGRE_SDK_ROOT = "/Users/alex/Documents/workspace/ogre/1.9.x/1.9.0-ios-sdk";
				OTHER_CFLAGS = "-DOGRE_USE_GLES2=1";
				OTHER_LDFLAGS = (
					"-lOIS",
					"-lOgreMainStatic",
					"-lOgreOverlayStatic",
					"-lRenderSystem_GLES2Static",
					"-lOgreRTShaderSystemStatic",
					"-lglsl_optimizer",
					"-lboost_system",
					"-lboost_chrono",
					"-lboost_date_time",
					"-lboost_thread",
					"-lFreeType",
					"-lFreeImage",
					"-lzzip",
					"-lz",
					"-lOgreTerrainStatic",
				);
				VALID_ARCHS = "arm64 armv7";
			};
			name = Debug;
		};
		FAF7270B192C38E900CBCD29 /* Release */ = {
			isa = XCBuildConfiguration;
			buildSettings = {
				ASSETCATALOG_COMPILER_APPICON_NAME = AppIcon;
				ASSETCATALOG_COMPILER_LAUNCHIMAGE_NAME = LaunchImage;
				CLANG_CXX_LANGUAGE_STANDARD = "gnu++98";
				CLANG_CXX_LIBRARY = "libc++";
				HEADER_SEARCH_PATHS = (
					"\"$(OGRE_SDK_ROOT)/include/OGRE\"",
					"\"$(OGRE_SDK_ROOT)/include/OGRE/Overlay\"",
					"\"$(OGRE_SDK_ROOT)/include/OGRE/RenderSystems/GLES2\"",
					"\"$(OGRE_SDK_ROOT)/include/OGRE/RTShaderSystem\"",
					"\"$(OGRE_SDK_ROOT)/include/OGRE/iOS\"",
					"\"$(OGRE_SDK_ROOT)/include\"",
					"\"$(OGRE_SDK_ROOT)/include/OIS\"",
					"\"$(OGRE_SDK_ROOT)/iOSDependencies/include\"",
					"\"$(OGRE_SDK_ROOT)/include/OGRE/Plugins/PCZSceneManager\"",
					"\"$(OGRE_SDK_ROOT)/include/OGRE/Plugins/OctreeSceneManager\"",
					"\"$(OGRE_SDK_ROOT)/include/OGRE/Plugins/OctreeZone\"",
					"\"$(OGRE_SDK_ROOT)/include/OGRE/Terrain\"",
				);
				OGRE_SDK_ROOT = "/Users/alex/Documents/workspace/ogre/1.9.x/1.9.0-ios-sdk";
				OTHER_CFLAGS = "-DOGRE_USE_GLES2=1";
				OTHER_LDFLAGS = (
					"-lOIS",
					"-lOgreMainStatic",
					"-lOgreOverlayStatic",
					"-lRenderSystem_GLES2Static",
					"-lOgreRTShaderSystemStatic",
					"-lglsl_optimizer",
					"-lboost_system",
					"-lboost_chrono",
					"-lboost_date_time",
					"-lboost_thread",
					"-lFreeType",
					"-lFreeImage",
					"-lzzip",
					"-lz",
					"-lOgreTerrainStatic",
				);
				VALID_ARCHS = "arm64 armv7";
			};
			name = Release;
		};
/* End XCBuildConfiguration section */

/* Begin XCConfigurationList section */
		FAF72697192C38E900CBCD29 /* Build configuration list for PBXProject "OgreGameKit" */ = {
			isa = XCConfigurationList;
			buildConfigurations = (
				FAF72707192C38E900CBCD29 /* Debug */,
				FAF72708192C38E900CBCD29 /* Release */,
			);
			defaultConfigurationIsVisible = 0;
			defaultConfigurationName = Release;
		};
		FAF72709192C38E900CBCD29 /* Build configuration list for PBXNativeTarget "OgreGameKit" */ = {
			isa = XCConfigurationList;
			buildConfigurations = (
				FAF7270A192C38E900CBCD29 /* Debug */,
				FAF7270B192C38E900CBCD29 /* Release */,
			);
			defaultConfigurationIsVisible = 0;
			defaultConfigurationName = Release;
		};
/* End XCConfigurationList section */
	};
	rootObject = FAF72694192C38E900CBCD29 /* Project object */;
}
